
Microsoft Visual Studio Solution File, Format Version 12.00
# Visual Studio Version 16
VisualStudioVersion = 16.0.31424.327
MinimumVisualStudioVersion = 10.0.40219.1
Project("{9A19103F-16F7-4668-BE54-9A1E7A4F7556}") = "Model", "Model\Model.csproj", "{5C17E401-AA29-4F35-A0F6-0D65E2190C76}"
EndProject
Project("{2150E333-8FDC-42A3-9474-1A3956D46DE8}") = "Tests", "Tests", "{E77A686D-B5B2-49CA-8169-2D7F6BFBA6AD}"
EndProject
Project("{9A19103F-16F7-4668-BE54-9A1E7A4F7556}") = "StubLib", "StubLib\StubLib.csproj", "{21E08B47-6D5E-4AD1-96B9-DED9A1F8C187}"
EndProject
Project("{9A19103F-16F7-4668-BE54-9A1E7A4F7556}") = "TarotDB", "TarotDB\TarotDB.csproj", "{47B23930-8D30-473D-A9DD-D518577792FC}"
EndProject
Project("{9A19103F-16F7-4668-BE54-9A1E7A4F7556}") = "ManagerStubTests", "Tests\ManagerStubTests\ManagerStubTests.csproj", "{56662F77-C2BA-4392-8A82-6F3F25BAACD5}"
EndProject
Project("{9A19103F-16F7-4668-BE54-9A1E7A4F7556}") = "TarotDB_Tests", "Tests\TarotDB_Tests\TarotDB_Tests.csproj", "{515698A5-DF1E-42B7-8ADA-17B2E6F289A7}"
EndProject
Project("{9A19103F-16F7-4668-BE54-9A1E7A4F7556}") = "Model_UT", "Tests\Model_UT\Model_UT.csproj", "{A69668E1-B698-4605-9069-600D13219B63}"
EndProject
Project("{9A19103F-16F7-4668-BE54-9A1E7A4F7556}") = "Utils", "Utils\Utils.csproj", "{7B6748A0-7144-406D-96A5-F84DE5A141DA}"
EndProject
Project("{9A19103F-16F7-4668-BE54-9A1E7A4F7556}") = "ManagerDBTests", "Tests\ManagerDBTests\ManagerDBTests.csproj", "{4212459E-DE1D-415B-BFCE-D96AB9C65A56}"
EndProject
Project("{9A19103F-16F7-4668-BE54-9A1E7A4F7556}") = "TarotDB2Model", "Tarot2B2Model\TarotDB2Model.csproj", "{09AEE065-A862-425C-BCB9-4C2AD4053203}"
EndProject
Project("{9A19103F-16F7-4668-BE54-9A1E7A4F7556}") = "TarotDB_UT", "Tests\TarotDB_UT\TarotDB_UT.csproj", "{2A6F0554-100A-4B68-A7AE-AA8BC3D06BD4}"
EndProject
Project("{9A19103F-16F7-4668-BE54-9A1E7A4F7556}") = "DataManager_UT", "Tests\DataManager_UT\DataManager_UT.csproj", "{B05210A4-BFBA-4DD2-B123-3A1EB3BB08FC}"
EndProject
Project("{9A19103F-16F7-4668-BE54-9A1E7A4F7556}") = "RestApi", "RestApi\RestApi.csproj", "{6109BE40-74B8-4503-90B3-7D904C11871A}"
EndProject
Project("{9A19103F-16F7-4668-BE54-9A1E7A4F7556}") = "ModelRestApiClient", "ModelRestApiClient\ModelRestApiClient.csproj", "{00BF046A-01E8-4846-A68E-9FE351CE37F4}"
EndProject
Project("{9A19103F-16F7-4668-BE54-9A1E7A4F7556}") = "APIGateway", "APIGateway\APIGateway.csproj", "{1CDAACD7-6C69-4A9C-8E13-71F16DCEF40A}"
EndProject
Project("{9A19103F-16F7-4668-BE54-9A1E7A4F7556}") = "Shared", "Shared\Shared.csproj", "{FB8555EF-A943-480C-A215-3FF66D117570}"
EndProject
Project("{9A19103F-16F7-4668-BE54-9A1E7A4F7556}") = "ApiGtw", "ApiGtw\ApiGtw.csproj", "{41F05AA6-B95D-4226-B3D7-5F8D754FEDD1}"
EndProject
Project("{9A19103F-16F7-4668-BE54-9A1E7A4F7556}") = "TarotDTO", "TarotDTO\TarotDTO.csproj", "{06C581AF-8648-40DB-8B4C-2908F11A6FD8}"
EndProject
Project("{9A19103F-16F7-4668-BE54-9A1E7A4F7556}") = "GraphQLApi", "GraphQLApi\GraphQLApi.csproj", "{C2E2B042-6090-4ACB-83E8-CA961C42387B}"
EndProject
Project("{2150E333-8FDC-42A3-9474-1A3956D46DE8}") = "Xamarin", "Xamarin", "{FB9AE0D7-1444-4302-96E4-B1FDBB72A1FA}"
EndProject
Project("{9A19103F-16F7-4668-BE54-9A1E7A4F7556}") = "TarotScorer", "..\..\..\Xamarin\TarotScorer\TarotScorer\TarotScorer\TarotScorer.csproj", "{6AE8A56A-5894-4480-B278-F7F330961F71}"
EndProject
Project("{FAE04EC0-301F-11D3-BF4B-00C04F79EFBC}") = "TarotScorer.Android", "..\..\..\Xamarin\TarotScorer\TarotScorer\TarotScorer.Android\TarotScorer.Android.csproj", "{8303AA07-85E9-496F-8FAB-1A1B6A2C1572}"
EndProject
Project("{FAE04EC0-301F-11D3-BF4B-00C04F79EFBC}") = "TarotScorer.iOS", "..\..\..\Xamarin\TarotScorer\TarotScorer\TarotScorer.iOS\TarotScorer.iOS.csproj", "{91D61155-9B34-4E06-A885-1FE5A4538497}"
EndProject
Project("{FAE04EC0-301F-11D3-BF4B-00C04F79EFBC}") = "TarotScorer.UWP", "..\..\..\Xamarin\TarotScorer\TarotScorer\TarotScorer.UWP\TarotScorer.UWP.csproj", "{8D151AEE-F998-47E0-AC7E-AEFDEEB3B71B}"
EndProject
Global
	GlobalSection(SolutionConfigurationPlatforms) = preSolution
		Debug|Any CPU = Debug|Any CPU
		Debug|ARM = Debug|ARM
		Debug|iPhone = Debug|iPhone
		Debug|iPhoneSimulator = Debug|iPhoneSimulator
		Debug|x64 = Debug|x64
		Debug|x86 = Debug|x86
		Default|Any CPU = Default|Any CPU
		Default|ARM = Default|ARM
		Default|iPhone = Default|iPhone
		Default|iPhoneSimulator = Default|iPhoneSimulator
		Default|x64 = Default|x64
		Default|x86 = Default|x86
		Release|Any CPU = Release|Any CPU
		Release|ARM = Release|ARM
		Release|iPhone = Release|iPhone
		Release|iPhoneSimulator = Release|iPhoneSimulator
		Release|x64 = Release|x64
		Release|x86 = Release|x86
	EndGlobalSection
	GlobalSection(ProjectConfigurationPlatforms) = postSolution
		{5C17E401-AA29-4F35-A0F6-0D65E2190C76}.Debug|Any CPU.ActiveCfg = Debug|Any CPU
		{5C17E401-AA29-4F35-A0F6-0D65E2190C76}.Debug|Any CPU.Build.0 = Debug|Any CPU
		{5C17E401-AA29-4F35-A0F6-0D65E2190C76}.Debug|ARM.ActiveCfg = Debug|Any CPU
		{5C17E401-AA29-4F35-A0F6-0D65E2190C76}.Debug|ARM.Build.0 = Debug|Any CPU
		{5C17E401-AA29-4F35-A0F6-0D65E2190C76}.Debug|iPhone.ActiveCfg = Debug|Any CPU
		{5C17E401-AA29-4F35-A0F6-0D65E2190C76}.Debug|iPhone.Build.0 = Debug|Any CPU
		{5C17E401-AA29-4F35-A0F6-0D65E2190C76}.Debug|iPhoneSimulator.ActiveCfg = Debug|Any CPU
		{5C17E401-AA29-4F35-A0F6-0D65E2190C76}.Debug|iPhoneSimulator.Build.0 = Debug|Any CPU
		{5C17E401-AA29-4F35-A0F6-0D65E2190C76}.Debug|x64.ActiveCfg = Debug|Any CPU
		{5C17E401-AA29-4F35-A0F6-0D65E2190C76}.Debug|x64.Build.0 = Debug|Any CPU
		{5C17E401-AA29-4F35-A0F6-0D65E2190C76}.Debug|x86.ActiveCfg = Debug|Any CPU
		{5C17E401-AA29-4F35-A0F6-0D65E2190C76}.Debug|x86.Build.0 = Debug|Any CPU
		{5C17E401-AA29-4F35-A0F6-0D65E2190C76}.Default|Any CPU.ActiveCfg = Debug|Any CPU
		{5C17E401-AA29-4F35-A0F6-0D65E2190C76}.Default|Any CPU.Build.0 = Debug|Any CPU
		{5C17E401-AA29-4F35-A0F6-0D65E2190C76}.Default|ARM.ActiveCfg = Debug|Any CPU
		{5C17E401-AA29-4F35-A0F6-0D65E2190C76}.Default|ARM.Build.0 = Debug|Any CPU
		{5C17E401-AA29-4F35-A0F6-0D65E2190C76}.Default|iPhone.ActiveCfg = Debug|Any CPU
		{5C17E401-AA29-4F35-A0F6-0D65E2190C76}.Default|iPhone.Build.0 = Debug|Any CPU
		{5C17E401-AA29-4F35-A0F6-0D65E2190C76}.Default|iPhoneSimulator.ActiveCfg = Debug|Any CPU
		{5C17E401-AA29-4F35-A0F6-0D65E2190C76}.Default|iPhoneSimulator.Build.0 = Debug|Any CPU
		{5C17E401-AA29-4F35-A0F6-0D65E2190C76}.Default|x64.ActiveCfg = Debug|Any CPU
		{5C17E401-AA29-4F35-A0F6-0D65E2190C76}.Default|x64.Build.0 = Debug|Any CPU
		{5C17E401-AA29-4F35-A0F6-0D65E2190C76}.Default|x86.ActiveCfg = Debug|Any CPU
		{5C17E401-AA29-4F35-A0F6-0D65E2190C76}.Default|x86.Build.0 = Debug|Any CPU
		{5C17E401-AA29-4F35-A0F6-0D65E2190C76}.Release|Any CPU.ActiveCfg = Release|Any CPU
		{5C17E401-AA29-4F35-A0F6-0D65E2190C76}.Release|Any CPU.Build.0 = Release|Any CPU
		{5C17E401-AA29-4F35-A0F6-0D65E2190C76}.Release|ARM.ActiveCfg = Release|Any CPU
		{5C17E401-AA29-4F35-A0F6-0D65E2190C76}.Release|ARM.Build.0 = Release|Any CPU
		{5C17E401-AA29-4F35-A0F6-0D65E2190C76}.Release|iPhone.ActiveCfg = Release|Any CPU
		{5C17E401-AA29-4F35-A0F6-0D65E2190C76}.Release|iPhone.Build.0 = Release|Any CPU
		{5C17E401-AA29-4F35-A0F6-0D65E2190C76}.Release|iPhoneSimulator.ActiveCfg = Release|Any CPU
		{5C17E401-AA29-4F35-A0F6-0D65E2190C76}.Release|iPhoneSimulator.Build.0 = Release|Any CPU
		{5C17E401-AA29-4F35-A0F6-0D65E2190C76}.Release|x64.ActiveCfg = Release|Any CPU
		{5C17E401-AA29-4F35-A0F6-0D65E2190C76}.Release|x64.Build.0 = Release|Any CPU
		{5C17E401-AA29-4F35-A0F6-0D65E2190C76}.Release|x86.ActiveCfg = Release|Any CPU
		{5C17E401-AA29-4F35-A0F6-0D65E2190C76}.Release|x86.Build.0 = Release|Any CPU
		{21E08B47-6D5E-4AD1-96B9-DED9A1F8C187}.Debug|Any CPU.ActiveCfg = Debug|Any CPU
		{21E08B47-6D5E-4AD1-96B9-DED9A1F8C187}.Debug|Any CPU.Build.0 = Debug|Any CPU
		{21E08B47-6D5E-4AD1-96B9-DED9A1F8C187}.Debug|ARM.ActiveCfg = Debug|Any CPU
		{21E08B47-6D5E-4AD1-96B9-DED9A1F8C187}.Debug|ARM.Build.0 = Debug|Any CPU
		{21E08B47-6D5E-4AD1-96B9-DED9A1F8C187}.Debug|iPhone.ActiveCfg = Debug|Any CPU
		{21E08B47-6D5E-4AD1-96B9-DED9A1F8C187}.Debug|iPhone.Build.0 = Debug|Any CPU
		{21E08B47-6D5E-4AD1-96B9-DED9A1F8C187}.Debug|iPhoneSimulator.ActiveCfg = Debug|Any CPU
		{21E08B47-6D5E-4AD1-96B9-DED9A1F8C187}.Debug|iPhoneSimulator.Build.0 = Debug|Any CPU
		{21E08B47-6D5E-4AD1-96B9-DED9A1F8C187}.Debug|x64.ActiveCfg = Debug|Any CPU
		{21E08B47-6D5E-4AD1-96B9-DED9A1F8C187}.Debug|x64.Build.0 = Debug|Any CPU
		{21E08B47-6D5E-4AD1-96B9-DED9A1F8C187}.Debug|x86.ActiveCfg = Debug|Any CPU
		{21E08B47-6D5E-4AD1-96B9-DED9A1F8C187}.Debug|x86.Build.0 = Debug|Any CPU
		{21E08B47-6D5E-4AD1-96B9-DED9A1F8C187}.Default|Any CPU.ActiveCfg = Debug|Any CPU
		{21E08B47-6D5E-4AD1-96B9-DED9A1F8C187}.Default|Any CPU.Build.0 = Debug|Any CPU
		{21E08B47-6D5E-4AD1-96B9-DED9A1F8C187}.Default|ARM.ActiveCfg = Debug|Any CPU
		{21E08B47-6D5E-4AD1-96B9-DED9A1F8C187}.Default|ARM.Build.0 = Debug|Any CPU
		{21E08B47-6D5E-4AD1-96B9-DED9A1F8C187}.Default|iPhone.ActiveCfg = Debug|Any CPU
		{21E08B47-6D5E-4AD1-96B9-DED9A1F8C187}.Default|iPhone.Build.0 = Debug|Any CPU
		{21E08B47-6D5E-4AD1-96B9-DED9A1F8C187}.Default|iPhoneSimulator.ActiveCfg = Debug|Any CPU
		{21E08B47-6D5E-4AD1-96B9-DED9A1F8C187}.Default|iPhoneSimulator.Build.0 = Debug|Any CPU
		{21E08B47-6D5E-4AD1-96B9-DED9A1F8C187}.Default|x64.ActiveCfg = Debug|Any CPU
		{21E08B47-6D5E-4AD1-96B9-DED9A1F8C187}.Default|x64.Build.0 = Debug|Any CPU
		{21E08B47-6D5E-4AD1-96B9-DED9A1F8C187}.Default|x86.ActiveCfg = Debug|Any CPU
		{21E08B47-6D5E-4AD1-96B9-DED9A1F8C187}.Default|x86.Build.0 = Debug|Any CPU
		{21E08B47-6D5E-4AD1-96B9-DED9A1F8C187}.Release|Any CPU.ActiveCfg = Release|Any CPU
		{21E08B47-6D5E-4AD1-96B9-DED9A1F8C187}.Release|Any CPU.Build.0 = Release|Any CPU
		{21E08B47-6D5E-4AD1-96B9-DED9A1F8C187}.Release|ARM.ActiveCfg = Release|Any CPU
		{21E08B47-6D5E-4AD1-96B9-DED9A1F8C187}.Release|ARM.Build.0 = Release|Any CPU
		{21E08B47-6D5E-4AD1-96B9-DED9A1F8C187}.Release|iPhone.ActiveCfg = Release|Any CPU
		{21E08B47-6D5E-4AD1-96B9-DED9A1F8C187}.Release|iPhone.Build.0 = Release|Any CPU
		{21E08B47-6D5E-4AD1-96B9-DED9A1F8C187}.Release|iPhoneSimulator.ActiveCfg = Release|Any CPU
		{21E08B47-6D5E-4AD1-96B9-DED9A1F8C187}.Release|iPhoneSimulator.Build.0 = Release|Any CPU
		{21E08B47-6D5E-4AD1-96B9-DED9A1F8C187}.Release|x64.ActiveCfg = Release|Any CPU
		{21E08B47-6D5E-4AD1-96B9-DED9A1F8C187}.Release|x64.Build.0 = Release|Any CPU
		{21E08B47-6D5E-4AD1-96B9-DED9A1F8C187}.Release|x86.ActiveCfg = Release|Any CPU
		{21E08B47-6D5E-4AD1-96B9-DED9A1F8C187}.Release|x86.Build.0 = Release|Any CPU
		{47B23930-8D30-473D-A9DD-D518577792FC}.Debug|Any CPU.ActiveCfg = Debug|Any CPU
		{47B23930-8D30-473D-A9DD-D518577792FC}.Debug|Any CPU.Build.0 = Debug|Any CPU
		{47B23930-8D30-473D-A9DD-D518577792FC}.Debug|ARM.ActiveCfg = Debug|Any CPU
		{47B23930-8D30-473D-A9DD-D518577792FC}.Debug|ARM.Build.0 = Debug|Any CPU
		{47B23930-8D30-473D-A9DD-D518577792FC}.Debug|iPhone.ActiveCfg = Debug|Any CPU
		{47B23930-8D30-473D-A9DD-D518577792FC}.Debug|iPhone.Build.0 = Debug|Any CPU
		{47B23930-8D30-473D-A9DD-D518577792FC}.Debug|iPhoneSimulator.ActiveCfg = Debug|Any CPU
		{47B23930-8D30-473D-A9DD-D518577792FC}.Debug|iPhoneSimulator.Build.0 = Debug|Any CPU
		{47B23930-8D30-473D-A9DD-D518577792FC}.Debug|x64.ActiveCfg = Debug|Any CPU
		{47B23930-8D30-473D-A9DD-D518577792FC}.Debug|x64.Build.0 = Debug|Any CPU
		{47B23930-8D30-473D-A9DD-D518577792FC}.Debug|x86.ActiveCfg = Debug|Any CPU
		{47B23930-8D30-473D-A9DD-D518577792FC}.Debug|x86.Build.0 = Debug|Any CPU
		{47B23930-8D30-473D-A9DD-D518577792FC}.Default|Any CPU.ActiveCfg = Debug|Any CPU
		{47B23930-8D30-473D-A9DD-D518577792FC}.Default|Any CPU.Build.0 = Debug|Any CPU
		{47B23930-8D30-473D-A9DD-D518577792FC}.Default|ARM.ActiveCfg = Debug|Any CPU
		{47B23930-8D30-473D-A9DD-D518577792FC}.Default|ARM.Build.0 = Debug|Any CPU
		{47B23930-8D30-473D-A9DD-D518577792FC}.Default|iPhone.ActiveCfg = Debug|Any CPU
		{47B23930-8D30-473D-A9DD-D518577792FC}.Default|iPhone.Build.0 = Debug|Any CPU
		{47B23930-8D30-473D-A9DD-D518577792FC}.Default|iPhoneSimulator.ActiveCfg = Debug|Any CPU
		{47B23930-8D30-473D-A9DD-D518577792FC}.Default|iPhoneSimulator.Build.0 = Debug|Any CPU
		{47B23930-8D30-473D-A9DD-D518577792FC}.Default|x64.ActiveCfg = Debug|Any CPU
		{47B23930-8D30-473D-A9DD-D518577792FC}.Default|x64.Build.0 = Debug|Any CPU
		{47B23930-8D30-473D-A9DD-D518577792FC}.Default|x86.ActiveCfg = Debug|Any CPU
		{47B23930-8D30-473D-A9DD-D518577792FC}.Default|x86.Build.0 = Debug|Any CPU
		{47B23930-8D30-473D-A9DD-D518577792FC}.Release|Any CPU.ActiveCfg = Release|Any CPU
		{47B23930-8D30-473D-A9DD-D518577792FC}.Release|Any CPU.Build.0 = Release|Any CPU
		{47B23930-8D30-473D-A9DD-D518577792FC}.Release|ARM.ActiveCfg = Release|Any CPU
		{47B23930-8D30-473D-A9DD-D518577792FC}.Release|ARM.Build.0 = Release|Any CPU
		{47B23930-8D30-473D-A9DD-D518577792FC}.Release|iPhone.ActiveCfg = Release|Any CPU
		{47B23930-8D30-473D-A9DD-D518577792FC}.Release|iPhone.Build.0 = Release|Any CPU
		{47B23930-8D30-473D-A9DD-D518577792FC}.Release|iPhoneSimulator.ActiveCfg = Release|Any CPU
		{47B23930-8D30-473D-A9DD-D518577792FC}.Release|iPhoneSimulator.Build.0 = Release|Any CPU
		{47B23930-8D30-473D-A9DD-D518577792FC}.Release|x64.ActiveCfg = Release|Any CPU
		{47B23930-8D30-473D-A9DD-D518577792FC}.Release|x64.Build.0 = Release|Any CPU
		{47B23930-8D30-473D-A9DD-D518577792FC}.Release|x86.ActiveCfg = Release|Any CPU
		{47B23930-8D30-473D-A9DD-D518577792FC}.Release|x86.Build.0 = Release|Any CPU
		{56662F77-C2BA-4392-8A82-6F3F25BAACD5}.Debug|Any CPU.ActiveCfg = Debug|Any CPU
		{56662F77-C2BA-4392-8A82-6F3F25BAACD5}.Debug|Any CPU.Build.0 = Debug|Any CPU
		{56662F77-C2BA-4392-8A82-6F3F25BAACD5}.Debug|ARM.ActiveCfg = Debug|Any CPU
		{56662F77-C2BA-4392-8A82-6F3F25BAACD5}.Debug|ARM.Build.0 = Debug|Any CPU
		{56662F77-C2BA-4392-8A82-6F3F25BAACD5}.Debug|iPhone.ActiveCfg = Debug|Any CPU
		{56662F77-C2BA-4392-8A82-6F3F25BAACD5}.Debug|iPhone.Build.0 = Debug|Any CPU
		{56662F77-C2BA-4392-8A82-6F3F25BAACD5}.Debug|iPhoneSimulator.ActiveCfg = Debug|Any CPU
		{56662F77-C2BA-4392-8A82-6F3F25BAACD5}.Debug|iPhoneSimulator.Build.0 = Debug|Any CPU
		{56662F77-C2BA-4392-8A82-6F3F25BAACD5}.Debug|x64.ActiveCfg = Debug|Any CPU
		{56662F77-C2BA-4392-8A82-6F3F25BAACD5}.Debug|x64.Build.0 = Debug|Any CPU
		{56662F77-C2BA-4392-8A82-6F3F25BAACD5}.Debug|x86.ActiveCfg = Debug|Any CPU
		{56662F77-C2BA-4392-8A82-6F3F25BAACD5}.Debug|x86.Build.0 = Debug|Any CPU
		{56662F77-C2BA-4392-8A82-6F3F25BAACD5}.Default|Any CPU.ActiveCfg = Debug|Any CPU
		{56662F77-C2BA-4392-8A82-6F3F25BAACD5}.Default|Any CPU.Build.0 = Debug|Any CPU
		{56662F77-C2BA-4392-8A82-6F3F25BAACD5}.Default|ARM.ActiveCfg = Debug|Any CPU
		{56662F77-C2BA-4392-8A82-6F3F25BAACD5}.Default|ARM.Build.0 = Debug|Any CPU
		{56662F77-C2BA-4392-8A82-6F3F25BAACD5}.Default|iPhone.ActiveCfg = Debug|Any CPU
		{56662F77-C2BA-4392-8A82-6F3F25BAACD5}.Default|iPhone.Build.0 = Debug|Any CPU
		{56662F77-C2BA-4392-8A82-6F3F25BAACD5}.Default|iPhoneSimulator.ActiveCfg = Debug|Any CPU
		{56662F77-C2BA-4392-8A82-6F3F25BAACD5}.Default|iPhoneSimulator.Build.0 = Debug|Any CPU
		{56662F77-C2BA-4392-8A82-6F3F25BAACD5}.Default|x64.ActiveCfg = Debug|Any CPU
		{56662F77-C2BA-4392-8A82-6F3F25BAACD5}.Default|x64.Build.0 = Debug|Any CPU
		{56662F77-C2BA-4392-8A82-6F3F25BAACD5}.Default|x86.ActiveCfg = Debug|Any CPU
		{56662F77-C2BA-4392-8A82-6F3F25BAACD5}.Default|x86.Build.0 = Debug|Any CPU
		{56662F77-C2BA-4392-8A82-6F3F25BAACD5}.Release|Any CPU.ActiveCfg = Release|Any CPU
		{56662F77-C2BA-4392-8A82-6F3F25BAACD5}.Release|Any CPU.Build.0 = Release|Any CPU
		{56662F77-C2BA-4392-8A82-6F3F25BAACD5}.Release|ARM.ActiveCfg = Release|Any CPU
		{56662F77-C2BA-4392-8A82-6F3F25BAACD5}.Release|ARM.Build.0 = Release|Any CPU
		{56662F77-C2BA-4392-8A82-6F3F25BAACD5}.Release|iPhone.ActiveCfg = Release|Any CPU
		{56662F77-C2BA-4392-8A82-6F3F25BAACD5}.Release|iPhone.Build.0 = Release|Any CPU
		{56662F77-C2BA-4392-8A82-6F3F25BAACD5}.Release|iPhoneSimulator.ActiveCfg = Release|Any CPU
		{56662F77-C2BA-4392-8A82-6F3F25BAACD5}.Release|iPhoneSimulator.Build.0 = Release|Any CPU
		{56662F77-C2BA-4392-8A82-6F3F25BAACD5}.Release|x64.ActiveCfg = Release|Any CPU
		{56662F77-C2BA-4392-8A82-6F3F25BAACD5}.Release|x64.Build.0 = Release|Any CPU
		{56662F77-C2BA-4392-8A82-6F3F25BAACD5}.Release|x86.ActiveCfg = Release|Any CPU
		{56662F77-C2BA-4392-8A82-6F3F25BAACD5}.Release|x86.Build.0 = Release|Any CPU
		{515698A5-DF1E-42B7-8ADA-17B2E6F289A7}.Debug|Any CPU.ActiveCfg = Debug|Any CPU
		{515698A5-DF1E-42B7-8ADA-17B2E6F289A7}.Debug|Any CPU.Build.0 = Debug|Any CPU
		{515698A5-DF1E-42B7-8ADA-17B2E6F289A7}.Debug|ARM.ActiveCfg = Debug|Any CPU
		{515698A5-DF1E-42B7-8ADA-17B2E6F289A7}.Debug|ARM.Build.0 = Debug|Any CPU
		{515698A5-DF1E-42B7-8ADA-17B2E6F289A7}.Debug|iPhone.ActiveCfg = Debug|Any CPU
		{515698A5-DF1E-42B7-8ADA-17B2E6F289A7}.Debug|iPhone.Build.0 = Debug|Any CPU
		{515698A5-DF1E-42B7-8ADA-17B2E6F289A7}.Debug|iPhoneSimulator.ActiveCfg = Debug|Any CPU
		{515698A5-DF1E-42B7-8ADA-17B2E6F289A7}.Debug|iPhoneSimulator.Build.0 = Debug|Any CPU
		{515698A5-DF1E-42B7-8ADA-17B2E6F289A7}.Debug|x64.ActiveCfg = Debug|Any CPU
		{515698A5-DF1E-42B7-8ADA-17B2E6F289A7}.Debug|x64.Build.0 = Debug|Any CPU
		{515698A5-DF1E-42B7-8ADA-17B2E6F289A7}.Debug|x86.ActiveCfg = Debug|Any CPU
		{515698A5-DF1E-42B7-8ADA-17B2E6F289A7}.Debug|x86.Build.0 = Debug|Any CPU
		{515698A5-DF1E-42B7-8ADA-17B2E6F289A7}.Default|Any CPU.ActiveCfg = Debug|Any CPU
		{515698A5-DF1E-42B7-8ADA-17B2E6F289A7}.Default|Any CPU.Build.0 = Debug|Any CPU
		{515698A5-DF1E-42B7-8ADA-17B2E6F289A7}.Default|ARM.ActiveCfg = Debug|Any CPU
		{515698A5-DF1E-42B7-8ADA-17B2E6F289A7}.Default|ARM.Build.0 = Debug|Any CPU
		{515698A5-DF1E-42B7-8ADA-17B2E6F289A7}.Default|iPhone.ActiveCfg = Debug|Any CPU
		{515698A5-DF1E-42B7-8ADA-17B2E6F289A7}.Default|iPhone.Build.0 = Debug|Any CPU
		{515698A5-DF1E-42B7-8ADA-17B2E6F289A7}.Default|iPhoneSimulator.ActiveCfg = Debug|Any CPU
		{515698A5-DF1E-42B7-8ADA-17B2E6F289A7}.Default|iPhoneSimulator.Build.0 = Debug|Any CPU
		{515698A5-DF1E-42B7-8ADA-17B2E6F289A7}.Default|x64.ActiveCfg = Debug|Any CPU
		{515698A5-DF1E-42B7-8ADA-17B2E6F289A7}.Default|x64.Build.0 = Debug|Any CPU
		{515698A5-DF1E-42B7-8ADA-17B2E6F289A7}.Default|x86.ActiveCfg = Debug|Any CPU
		{515698A5-DF1E-42B7-8ADA-17B2E6F289A7}.Default|x86.Build.0 = Debug|Any CPU
		{515698A5-DF1E-42B7-8ADA-17B2E6F289A7}.Release|Any CPU.ActiveCfg = Release|Any CPU
		{515698A5-DF1E-42B7-8ADA-17B2E6F289A7}.Release|Any CPU.Build.0 = Release|Any CPU
		{515698A5-DF1E-42B7-8ADA-17B2E6F289A7}.Release|ARM.ActiveCfg = Release|Any CPU
		{515698A5-DF1E-42B7-8ADA-17B2E6F289A7}.Release|ARM.Build.0 = Release|Any CPU
		{515698A5-DF1E-42B7-8ADA-17B2E6F289A7}.Release|iPhone.ActiveCfg = Release|Any CPU
		{515698A5-DF1E-42B7-8ADA-17B2E6F289A7}.Release|iPhone.Build.0 = Release|Any CPU
		{515698A5-DF1E-42B7-8ADA-17B2E6F289A7}.Release|iPhoneSimulator.ActiveCfg = Release|Any CPU
		{515698A5-DF1E-42B7-8ADA-17B2E6F289A7}.Release|iPhoneSimulator.Build.0 = Release|Any CPU
		{515698A5-DF1E-42B7-8ADA-17B2E6F289A7}.Release|x64.ActiveCfg = Release|Any CPU
		{515698A5-DF1E-42B7-8ADA-17B2E6F289A7}.Release|x64.Build.0 = Release|Any CPU
		{515698A5-DF1E-42B7-8ADA-17B2E6F289A7}.Release|x86.ActiveCfg = Release|Any CPU
		{515698A5-DF1E-42B7-8ADA-17B2E6F289A7}.Release|x86.Build.0 = Release|Any CPU
		{A69668E1-B698-4605-9069-600D13219B63}.Debug|Any CPU.ActiveCfg = Debug|Any CPU
		{A69668E1-B698-4605-9069-600D13219B63}.Debug|Any CPU.Build.0 = Debug|Any CPU
		{A69668E1-B698-4605-9069-600D13219B63}.Debug|ARM.ActiveCfg = Debug|Any CPU
		{A69668E1-B698-4605-9069-600D13219B63}.Debug|ARM.Build.0 = Debug|Any CPU
		{A69668E1-B698-4605-9069-600D13219B63}.Debug|iPhone.ActiveCfg = Debug|Any CPU
		{A69668E1-B698-4605-9069-600D13219B63}.Debug|iPhone.Build.0 = Debug|Any CPU
		{A69668E1-B698-4605-9069-600D13219B63}.Debug|iPhoneSimulator.ActiveCfg = Debug|Any CPU
		{A69668E1-B698-4605-9069-600D13219B63}.Debug|iPhoneSimulator.Build.0 = Debug|Any CPU
		{A69668E1-B698-4605-9069-600D13219B63}.Debug|x64.ActiveCfg = Debug|Any CPU
		{A69668E1-B698-4605-9069-600D13219B63}.Debug|x64.Build.0 = Debug|Any CPU
		{A69668E1-B698-4605-9069-600D13219B63}.Debug|x86.ActiveCfg = Debug|Any CPU
		{A69668E1-B698-4605-9069-600D13219B63}.Debug|x86.Build.0 = Debug|Any CPU
		{A69668E1-B698-4605-9069-600D13219B63}.Default|Any CPU.ActiveCfg = Debug|Any CPU
		{A69668E1-B698-4605-9069-600D13219B63}.Default|Any CPU.Build.0 = Debug|Any CPU
		{A69668E1-B698-4605-9069-600D13219B63}.Default|ARM.ActiveCfg = Debug|Any CPU
		{A69668E1-B698-4605-9069-600D13219B63}.Default|ARM.Build.0 = Debug|Any CPU
		{A69668E1-B698-4605-9069-600D13219B63}.Default|iPhone.ActiveCfg = Debug|Any CPU
		{A69668E1-B698-4605-9069-600D13219B63}.Default|iPhone.Build.0 = Debug|Any CPU
		{A69668E1-B698-4605-9069-600D13219B63}.Default|iPhoneSimulator.ActiveCfg = Debug|Any CPU
		{A69668E1-B698-4605-9069-600D13219B63}.Default|iPhoneSimulator.Build.0 = Debug|Any CPU
		{A69668E1-B698-4605-9069-600D13219B63}.Default|x64.ActiveCfg = Debug|Any CPU
		{A69668E1-B698-4605-9069-600D13219B63}.Default|x64.Build.0 = Debug|Any CPU
		{A69668E1-B698-4605-9069-600D13219B63}.Default|x86.ActiveCfg = Debug|Any CPU
		{A69668E1-B698-4605-9069-600D13219B63}.Default|x86.Build.0 = Debug|Any CPU
		{A69668E1-B698-4605-9069-600D13219B63}.Release|Any CPU.ActiveCfg = Release|Any CPU
		{A69668E1-B698-4605-9069-600D13219B63}.Release|Any CPU.Build.0 = Release|Any CPU
		{A69668E1-B698-4605-9069-600D13219B63}.Release|ARM.ActiveCfg = Release|Any CPU
		{A69668E1-B698-4605-9069-600D13219B63}.Release|ARM.Build.0 = Release|Any CPU
		{A69668E1-B698-4605-9069-600D13219B63}.Release|iPhone.ActiveCfg = Release|Any CPU
		{A69668E1-B698-4605-9069-600D13219B63}.Release|iPhone.Build.0 = Release|Any CPU
		{A69668E1-B698-4605-9069-600D13219B63}.Release|iPhoneSimulator.ActiveCfg = Release|Any CPU
		{A69668E1-B698-4605-9069-600D13219B63}.Release|iPhoneSimulator.Build.0 = Release|Any CPU
		{A69668E1-B698-4605-9069-600D13219B63}.Release|x64.ActiveCfg = Release|Any CPU
		{A69668E1-B698-4605-9069-600D13219B63}.Release|x64.Build.0 = Release|Any CPU
		{A69668E1-B698-4605-9069-600D13219B63}.Release|x86.ActiveCfg = Release|Any CPU
		{A69668E1-B698-4605-9069-600D13219B63}.Release|x86.Build.0 = Release|Any CPU
		{7B6748A0-7144-406D-96A5-F84DE5A141DA}.Debug|Any CPU.ActiveCfg = Debug|Any CPU
		{7B6748A0-7144-406D-96A5-F84DE5A141DA}.Debug|Any CPU.Build.0 = Debug|Any CPU
		{7B6748A0-7144-406D-96A5-F84DE5A141DA}.Debug|ARM.ActiveCfg = Debug|Any CPU
		{7B6748A0-7144-406D-96A5-F84DE5A141DA}.Debug|ARM.Build.0 = Debug|Any CPU
		{7B6748A0-7144-406D-96A5-F84DE5A141DA}.Debug|iPhone.ActiveCfg = Debug|Any CPU
		{7B6748A0-7144-406D-96A5-F84DE5A141DA}.Debug|iPhone.Build.0 = Debug|Any CPU
		{7B6748A0-7144-406D-96A5-F84DE5A141DA}.Debug|iPhoneSimulator.ActiveCfg = Debug|Any CPU
		{7B6748A0-7144-406D-96A5-F84DE5A141DA}.Debug|iPhoneSimulator.Build.0 = Debug|Any CPU
		{7B6748A0-7144-406D-96A5-F84DE5A141DA}.Debug|x64.ActiveCfg = Debug|Any CPU
		{7B6748A0-7144-406D-96A5-F84DE5A141DA}.Debug|x64.Build.0 = Debug|Any CPU
		{7B6748A0-7144-406D-96A5-F84DE5A141DA}.Debug|x86.ActiveCfg = Debug|Any CPU
		{7B6748A0-7144-406D-96A5-F84DE5A141DA}.Debug|x86.Build.0 = Debug|Any CPU
		{7B6748A0-7144-406D-96A5-F84DE5A141DA}.Default|Any CPU.ActiveCfg = Debug|Any CPU
		{7B6748A0-7144-406D-96A5-F84DE5A141DA}.Default|Any CPU.Build.0 = Debug|Any CPU
		{7B6748A0-7144-406D-96A5-F84DE5A141DA}.Default|ARM.ActiveCfg = Debug|Any CPU
		{7B6748A0-7144-406D-96A5-F84DE5A141DA}.Default|ARM.Build.0 = Debug|Any CPU
		{7B6748A0-7144-406D-96A5-F84DE5A141DA}.Default|iPhone.ActiveCfg = Debug|Any CPU
		{7B6748A0-7144-406D-96A5-F84DE5A141DA}.Default|iPhone.Build.0 = Debug|Any CPU
		{7B6748A0-7144-406D-96A5-F84DE5A141DA}.Default|iPhoneSimulator.ActiveCfg = Debug|Any CPU
		{7B6748A0-7144-406D-96A5-F84DE5A141DA}.Default|iPhoneSimulator.Build.0 = Debug|Any CPU
		{7B6748A0-7144-406D-96A5-F84DE5A141DA}.Default|x64.ActiveCfg = Debug|Any CPU
		{7B6748A0-7144-406D-96A5-F84DE5A141DA}.Default|x64.Build.0 = Debug|Any CPU
		{7B6748A0-7144-406D-96A5-F84DE5A141DA}.Default|x86.ActiveCfg = Debug|Any CPU
		{7B6748A0-7144-406D-96A5-F84DE5A141DA}.Default|x86.Build.0 = Debug|Any CPU
		{7B6748A0-7144-406D-96A5-F84DE5A141DA}.Release|Any CPU.ActiveCfg = Release|Any CPU
		{7B6748A0-7144-406D-96A5-F84DE5A141DA}.Release|Any CPU.Build.0 = Release|Any CPU
		{7B6748A0-7144-406D-96A5-F84DE5A141DA}.Release|ARM.ActiveCfg = Release|Any CPU
		{7B6748A0-7144-406D-96A5-F84DE5A141DA}.Release|ARM.Build.0 = Release|Any CPU
		{7B6748A0-7144-406D-96A5-F84DE5A141DA}.Release|iPhone.ActiveCfg = Release|Any CPU
		{7B6748A0-7144-406D-96A5-F84DE5A141DA}.Release|iPhone.Build.0 = Release|Any CPU
		{7B6748A0-7144-406D-96A5-F84DE5A141DA}.Release|iPhoneSimulator.ActiveCfg = Release|Any CPU
		{7B6748A0-7144-406D-96A5-F84DE5A141DA}.Release|iPhoneSimulator.Build.0 = Release|Any CPU
		{7B6748A0-7144-406D-96A5-F84DE5A141DA}.Release|x64.ActiveCfg = Release|Any CPU
		{7B6748A0-7144-406D-96A5-F84DE5A141DA}.Release|x64.Build.0 = Release|Any CPU
		{7B6748A0-7144-406D-96A5-F84DE5A141DA}.Release|x86.ActiveCfg = Release|Any CPU
		{7B6748A0-7144-406D-96A5-F84DE5A141DA}.Release|x86.Build.0 = Release|Any CPU
		{4212459E-DE1D-415B-BFCE-D96AB9C65A56}.Debug|Any CPU.ActiveCfg = Debug|Any CPU
		{4212459E-DE1D-415B-BFCE-D96AB9C65A56}.Debug|Any CPU.Build.0 = Debug|Any CPU
		{4212459E-DE1D-415B-BFCE-D96AB9C65A56}.Debug|ARM.ActiveCfg = Debug|Any CPU
		{4212459E-DE1D-415B-BFCE-D96AB9C65A56}.Debug|ARM.Build.0 = Debug|Any CPU
		{4212459E-DE1D-415B-BFCE-D96AB9C65A56}.Debug|iPhone.ActiveCfg = Debug|Any CPU
		{4212459E-DE1D-415B-BFCE-D96AB9C65A56}.Debug|iPhone.Build.0 = Debug|Any CPU
		{4212459E-DE1D-415B-BFCE-D96AB9C65A56}.Debug|iPhoneSimulator.ActiveCfg = Debug|Any CPU
		{4212459E-DE1D-415B-BFCE-D96AB9C65A56}.Debug|iPhoneSimulator.Build.0 = Debug|Any CPU
		{4212459E-DE1D-415B-BFCE-D96AB9C65A56}.Debug|x64.ActiveCfg = Debug|Any CPU
		{4212459E-DE1D-415B-BFCE-D96AB9C65A56}.Debug|x64.Build.0 = Debug|Any CPU
		{4212459E-DE1D-415B-BFCE-D96AB9C65A56}.Debug|x86.ActiveCfg = Debug|Any CPU
		{4212459E-DE1D-415B-BFCE-D96AB9C65A56}.Debug|x86.Build.0 = Debug|Any CPU
		{4212459E-DE1D-415B-BFCE-D96AB9C65A56}.Default|Any CPU.ActiveCfg = Debug|Any CPU
		{4212459E-DE1D-415B-BFCE-D96AB9C65A56}.Default|Any CPU.Build.0 = Debug|Any CPU
		{4212459E-DE1D-415B-BFCE-D96AB9C65A56}.Default|ARM.ActiveCfg = Debug|Any CPU
		{4212459E-DE1D-415B-BFCE-D96AB9C65A56}.Default|ARM.Build.0 = Debug|Any CPU
		{4212459E-DE1D-415B-BFCE-D96AB9C65A56}.Default|iPhone.ActiveCfg = Debug|Any CPU
		{4212459E-DE1D-415B-BFCE-D96AB9C65A56}.Default|iPhone.Build.0 = Debug|Any CPU
		{4212459E-DE1D-415B-BFCE-D96AB9C65A56}.Default|iPhoneSimulator.ActiveCfg = Debug|Any CPU
		{4212459E-DE1D-415B-BFCE-D96AB9C65A56}.Default|iPhoneSimulator.Build.0 = Debug|Any CPU
		{4212459E-DE1D-415B-BFCE-D96AB9C65A56}.Default|x64.ActiveCfg = Debug|Any CPU
		{4212459E-DE1D-415B-BFCE-D96AB9C65A56}.Default|x64.Build.0 = Debug|Any CPU
		{4212459E-DE1D-415B-BFCE-D96AB9C65A56}.Default|x86.ActiveCfg = Debug|Any CPU
		{4212459E-DE1D-415B-BFCE-D96AB9C65A56}.Default|x86.Build.0 = Debug|Any CPU
		{4212459E-DE1D-415B-BFCE-D96AB9C65A56}.Release|Any CPU.ActiveCfg = Release|Any CPU
		{4212459E-DE1D-415B-BFCE-D96AB9C65A56}.Release|Any CPU.Build.0 = Release|Any CPU
		{4212459E-DE1D-415B-BFCE-D96AB9C65A56}.Release|ARM.ActiveCfg = Release|Any CPU
		{4212459E-DE1D-415B-BFCE-D96AB9C65A56}.Release|ARM.Build.0 = Release|Any CPU
		{4212459E-DE1D-415B-BFCE-D96AB9C65A56}.Release|iPhone.ActiveCfg = Release|Any CPU
		{4212459E-DE1D-415B-BFCE-D96AB9C65A56}.Release|iPhone.Build.0 = Release|Any CPU
		{4212459E-DE1D-415B-BFCE-D96AB9C65A56}.Release|iPhoneSimulator.ActiveCfg = Release|Any CPU
		{4212459E-DE1D-415B-BFCE-D96AB9C65A56}.Release|iPhoneSimulator.Build.0 = Release|Any CPU
		{4212459E-DE1D-415B-BFCE-D96AB9C65A56}.Release|x64.ActiveCfg = Release|Any CPU
		{4212459E-DE1D-415B-BFCE-D96AB9C65A56}.Release|x64.Build.0 = Release|Any CPU
		{4212459E-DE1D-415B-BFCE-D96AB9C65A56}.Release|x86.ActiveCfg = Release|Any CPU
		{4212459E-DE1D-415B-BFCE-D96AB9C65A56}.Release|x86.Build.0 = Release|Any CPU
		{09AEE065-A862-425C-BCB9-4C2AD4053203}.Debug|Any CPU.ActiveCfg = Debug|Any CPU
		{09AEE065-A862-425C-BCB9-4C2AD4053203}.Debug|Any CPU.Build.0 = Debug|Any CPU
		{09AEE065-A862-425C-BCB9-4C2AD4053203}.Debug|ARM.ActiveCfg = Debug|Any CPU
		{09AEE065-A862-425C-BCB9-4C2AD4053203}.Debug|ARM.Build.0 = Debug|Any CPU
		{09AEE065-A862-425C-BCB9-4C2AD4053203}.Debug|iPhone.ActiveCfg = Debug|Any CPU
		{09AEE065-A862-425C-BCB9-4C2AD4053203}.Debug|iPhone.Build.0 = Debug|Any CPU
		{09AEE065-A862-425C-BCB9-4C2AD4053203}.Debug|iPhoneSimulator.ActiveCfg = Debug|Any CPU
		{09AEE065-A862-425C-BCB9-4C2AD4053203}.Debug|iPhoneSimulator.Build.0 = Debug|Any CPU
		{09AEE065-A862-425C-BCB9-4C2AD4053203}.Debug|x64.ActiveCfg = Debug|Any CPU
		{09AEE065-A862-425C-BCB9-4C2AD4053203}.Debug|x64.Build.0 = Debug|Any CPU
		{09AEE065-A862-425C-BCB9-4C2AD4053203}.Debug|x86.ActiveCfg = Debug|Any CPU
		{09AEE065-A862-425C-BCB9-4C2AD4053203}.Debug|x86.Build.0 = Debug|Any CPU
		{09AEE065-A862-425C-BCB9-4C2AD4053203}.Default|Any CPU.ActiveCfg = Debug|Any CPU
		{09AEE065-A862-425C-BCB9-4C2AD4053203}.Default|Any CPU.Build.0 = Debug|Any CPU
		{09AEE065-A862-425C-BCB9-4C2AD4053203}.Default|ARM.ActiveCfg = Debug|Any CPU
		{09AEE065-A862-425C-BCB9-4C2AD4053203}.Default|ARM.Build.0 = Debug|Any CPU
		{09AEE065-A862-425C-BCB9-4C2AD4053203}.Default|iPhone.ActiveCfg = Debug|Any CPU
		{09AEE065-A862-425C-BCB9-4C2AD4053203}.Default|iPhone.Build.0 = Debug|Any CPU
		{09AEE065-A862-425C-BCB9-4C2AD4053203}.Default|iPhoneSimulator.ActiveCfg = Debug|Any CPU
		{09AEE065-A862-425C-BCB9-4C2AD4053203}.Default|iPhoneSimulator.Build.0 = Debug|Any CPU
		{09AEE065-A862-425C-BCB9-4C2AD4053203}.Default|x64.ActiveCfg = Debug|Any CPU
		{09AEE065-A862-425C-BCB9-4C2AD4053203}.Default|x64.Build.0 = Debug|Any CPU
		{09AEE065-A862-425C-BCB9-4C2AD4053203}.Default|x86.ActiveCfg = Debug|Any CPU
		{09AEE065-A862-425C-BCB9-4C2AD4053203}.Default|x86.Build.0 = Debug|Any CPU
		{09AEE065-A862-425C-BCB9-4C2AD4053203}.Release|Any CPU.ActiveCfg = Release|Any CPU
		{09AEE065-A862-425C-BCB9-4C2AD4053203}.Release|Any CPU.Build.0 = Release|Any CPU
		{09AEE065-A862-425C-BCB9-4C2AD4053203}.Release|ARM.ActiveCfg = Release|Any CPU
		{09AEE065-A862-425C-BCB9-4C2AD4053203}.Release|ARM.Build.0 = Release|Any CPU
		{09AEE065-A862-425C-BCB9-4C2AD4053203}.Release|iPhone.ActiveCfg = Release|Any CPU
		{09AEE065-A862-425C-BCB9-4C2AD4053203}.Release|iPhone.Build.0 = Release|Any CPU
		{09AEE065-A862-425C-BCB9-4C2AD4053203}.Release|iPhoneSimulator.ActiveCfg = Release|Any CPU
		{09AEE065-A862-425C-BCB9-4C2AD4053203}.Release|iPhoneSimulator.Build.0 = Release|Any CPU
		{09AEE065-A862-425C-BCB9-4C2AD4053203}.Release|x64.ActiveCfg = Release|Any CPU
		{09AEE065-A862-425C-BCB9-4C2AD4053203}.Release|x64.Build.0 = Release|Any CPU
		{09AEE065-A862-425C-BCB9-4C2AD4053203}.Release|x86.ActiveCfg = Release|Any CPU
		{09AEE065-A862-425C-BCB9-4C2AD4053203}.Release|x86.Build.0 = Release|Any CPU
		{2A6F0554-100A-4B68-A7AE-AA8BC3D06BD4}.Debug|Any CPU.ActiveCfg = Debug|Any CPU
		{2A6F0554-100A-4B68-A7AE-AA8BC3D06BD4}.Debug|Any CPU.Build.0 = Debug|Any CPU
		{2A6F0554-100A-4B68-A7AE-AA8BC3D06BD4}.Debug|ARM.ActiveCfg = Debug|Any CPU
		{2A6F0554-100A-4B68-A7AE-AA8BC3D06BD4}.Debug|ARM.Build.0 = Debug|Any CPU
		{2A6F0554-100A-4B68-A7AE-AA8BC3D06BD4}.Debug|iPhone.ActiveCfg = Debug|Any CPU
		{2A6F0554-100A-4B68-A7AE-AA8BC3D06BD4}.Debug|iPhone.Build.0 = Debug|Any CPU
		{2A6F0554-100A-4B68-A7AE-AA8BC3D06BD4}.Debug|iPhoneSimulator.ActiveCfg = Debug|Any CPU
		{2A6F0554-100A-4B68-A7AE-AA8BC3D06BD4}.Debug|iPhoneSimulator.Build.0 = Debug|Any CPU
		{2A6F0554-100A-4B68-A7AE-AA8BC3D06BD4}.Debug|x64.ActiveCfg = Debug|Any CPU
		{2A6F0554-100A-4B68-A7AE-AA8BC3D06BD4}.Debug|x64.Build.0 = Debug|Any CPU
		{2A6F0554-100A-4B68-A7AE-AA8BC3D06BD4}.Debug|x86.ActiveCfg = Debug|Any CPU
		{2A6F0554-100A-4B68-A7AE-AA8BC3D06BD4}.Debug|x86.Build.0 = Debug|Any CPU
		{2A6F0554-100A-4B68-A7AE-AA8BC3D06BD4}.Default|Any CPU.ActiveCfg = Debug|Any CPU
		{2A6F0554-100A-4B68-A7AE-AA8BC3D06BD4}.Default|Any CPU.Build.0 = Debug|Any CPU
		{2A6F0554-100A-4B68-A7AE-AA8BC3D06BD4}.Default|ARM.ActiveCfg = Debug|Any CPU
		{2A6F0554-100A-4B68-A7AE-AA8BC3D06BD4}.Default|ARM.Build.0 = Debug|Any CPU
		{2A6F0554-100A-4B68-A7AE-AA8BC3D06BD4}.Default|iPhone.ActiveCfg = Debug|Any CPU
		{2A6F0554-100A-4B68-A7AE-AA8BC3D06BD4}.Default|iPhone.Build.0 = Debug|Any CPU
		{2A6F0554-100A-4B68-A7AE-AA8BC3D06BD4}.Default|iPhoneSimulator.ActiveCfg = Debug|Any CPU
		{2A6F0554-100A-4B68-A7AE-AA8BC3D06BD4}.Default|iPhoneSimulator.Build.0 = Debug|Any CPU
		{2A6F0554-100A-4B68-A7AE-AA8BC3D06BD4}.Default|x64.ActiveCfg = Debug|Any CPU
		{2A6F0554-100A-4B68-A7AE-AA8BC3D06BD4}.Default|x64.Build.0 = Debug|Any CPU
		{2A6F0554-100A-4B68-A7AE-AA8BC3D06BD4}.Default|x86.ActiveCfg = Debug|Any CPU
		{2A6F0554-100A-4B68-A7AE-AA8BC3D06BD4}.Default|x86.Build.0 = Debug|Any CPU
		{2A6F0554-100A-4B68-A7AE-AA8BC3D06BD4}.Release|Any CPU.ActiveCfg = Release|Any CPU
		{2A6F0554-100A-4B68-A7AE-AA8BC3D06BD4}.Release|Any CPU.Build.0 = Release|Any CPU
		{2A6F0554-100A-4B68-A7AE-AA8BC3D06BD4}.Release|ARM.ActiveCfg = Release|Any CPU
		{2A6F0554-100A-4B68-A7AE-AA8BC3D06BD4}.Release|ARM.Build.0 = Release|Any CPU
		{2A6F0554-100A-4B68-A7AE-AA8BC3D06BD4}.Release|iPhone.ActiveCfg = Release|Any CPU
		{2A6F0554-100A-4B68-A7AE-AA8BC3D06BD4}.Release|iPhone.Build.0 = Release|Any CPU
		{2A6F0554-100A-4B68-A7AE-AA8BC3D06BD4}.Release|iPhoneSimulator.ActiveCfg = Release|Any CPU
		{2A6F0554-100A-4B68-A7AE-AA8BC3D06BD4}.Release|iPhoneSimulator.Build.0 = Release|Any CPU
		{2A6F0554-100A-4B68-A7AE-AA8BC3D06BD4}.Release|x64.ActiveCfg = Release|Any CPU
		{2A6F0554-100A-4B68-A7AE-AA8BC3D06BD4}.Release|x64.Build.0 = Release|Any CPU
		{2A6F0554-100A-4B68-A7AE-AA8BC3D06BD4}.Release|x86.ActiveCfg = Release|Any CPU
		{2A6F0554-100A-4B68-A7AE-AA8BC3D06BD4}.Release|x86.Build.0 = Release|Any CPU
		{B05210A4-BFBA-4DD2-B123-3A1EB3BB08FC}.Debug|Any CPU.ActiveCfg = Debug|Any CPU
		{B05210A4-BFBA-4DD2-B123-3A1EB3BB08FC}.Debug|Any CPU.Build.0 = Debug|Any CPU
		{B05210A4-BFBA-4DD2-B123-3A1EB3BB08FC}.Debug|ARM.ActiveCfg = Debug|Any CPU
		{B05210A4-BFBA-4DD2-B123-3A1EB3BB08FC}.Debug|ARM.Build.0 = Debug|Any CPU
		{B05210A4-BFBA-4DD2-B123-3A1EB3BB08FC}.Debug|iPhone.ActiveCfg = Debug|Any CPU
		{B05210A4-BFBA-4DD2-B123-3A1EB3BB08FC}.Debug|iPhone.Build.0 = Debug|Any CPU
		{B05210A4-BFBA-4DD2-B123-3A1EB3BB08FC}.Debug|iPhoneSimulator.ActiveCfg = Debug|Any CPU
		{B05210A4-BFBA-4DD2-B123-3A1EB3BB08FC}.Debug|iPhoneSimulator.Build.0 = Debug|Any CPU
		{B05210A4-BFBA-4DD2-B123-3A1EB3BB08FC}.Debug|x64.ActiveCfg = Debug|Any CPU
		{B05210A4-BFBA-4DD2-B123-3A1EB3BB08FC}.Debug|x64.Build.0 = Debug|Any CPU
		{B05210A4-BFBA-4DD2-B123-3A1EB3BB08FC}.Debug|x86.ActiveCfg = Debug|Any CPU
		{B05210A4-BFBA-4DD2-B123-3A1EB3BB08FC}.Debug|x86.Build.0 = Debug|Any CPU
		{B05210A4-BFBA-4DD2-B123-3A1EB3BB08FC}.Default|Any CPU.ActiveCfg = Debug|Any CPU
		{B05210A4-BFBA-4DD2-B123-3A1EB3BB08FC}.Default|Any CPU.Build.0 = Debug|Any CPU
		{B05210A4-BFBA-4DD2-B123-3A1EB3BB08FC}.Default|ARM.ActiveCfg = Debug|Any CPU
		{B05210A4-BFBA-4DD2-B123-3A1EB3BB08FC}.Default|ARM.Build.0 = Debug|Any CPU
		{B05210A4-BFBA-4DD2-B123-3A1EB3BB08FC}.Default|iPhone.ActiveCfg = Debug|Any CPU
		{B05210A4-BFBA-4DD2-B123-3A1EB3BB08FC}.Default|iPhone.Build.0 = Debug|Any CPU
		{B05210A4-BFBA-4DD2-B123-3A1EB3BB08FC}.Default|iPhoneSimulator.ActiveCfg = Debug|Any CPU
		{B05210A4-BFBA-4DD2-B123-3A1EB3BB08FC}.Default|iPhoneSimulator.Build.0 = Debug|Any CPU
		{B05210A4-BFBA-4DD2-B123-3A1EB3BB08FC}.Default|x64.ActiveCfg = Debug|Any CPU
		{B05210A4-BFBA-4DD2-B123-3A1EB3BB08FC}.Default|x64.Build.0 = Debug|Any CPU
		{B05210A4-BFBA-4DD2-B123-3A1EB3BB08FC}.Default|x86.ActiveCfg = Debug|Any CPU
		{B05210A4-BFBA-4DD2-B123-3A1EB3BB08FC}.Default|x86.Build.0 = Debug|Any CPU
		{B05210A4-BFBA-4DD2-B123-3A1EB3BB08FC}.Release|Any CPU.ActiveCfg = Release|Any CPU
		{B05210A4-BFBA-4DD2-B123-3A1EB3BB08FC}.Release|Any CPU.Build.0 = Release|Any CPU
		{B05210A4-BFBA-4DD2-B123-3A1EB3BB08FC}.Release|ARM.ActiveCfg = Release|Any CPU
		{B05210A4-BFBA-4DD2-B123-3A1EB3BB08FC}.Release|ARM.Build.0 = Release|Any CPU
		{B05210A4-BFBA-4DD2-B123-3A1EB3BB08FC}.Release|iPhone.ActiveCfg = Release|Any CPU
		{B05210A4-BFBA-4DD2-B123-3A1EB3BB08FC}.Release|iPhone.Build.0 = Release|Any CPU
		{B05210A4-BFBA-4DD2-B123-3A1EB3BB08FC}.Release|iPhoneSimulator.ActiveCfg = Release|Any CPU
		{B05210A4-BFBA-4DD2-B123-3A1EB3BB08FC}.Release|iPhoneSimulator.Build.0 = Release|Any CPU
		{B05210A4-BFBA-4DD2-B123-3A1EB3BB08FC}.Release|x64.ActiveCfg = Release|Any CPU
		{B05210A4-BFBA-4DD2-B123-3A1EB3BB08FC}.Release|x64.Build.0 = Release|Any CPU
		{B05210A4-BFBA-4DD2-B123-3A1EB3BB08FC}.Release|x86.ActiveCfg = Release|Any CPU
		{B05210A4-BFBA-4DD2-B123-3A1EB3BB08FC}.Release|x86.Build.0 = Release|Any CPU
		{6109BE40-74B8-4503-90B3-7D904C11871A}.Debug|Any CPU.ActiveCfg = Debug|Any CPU
		{6109BE40-74B8-4503-90B3-7D904C11871A}.Debug|Any CPU.Build.0 = Debug|Any CPU
		{6109BE40-74B8-4503-90B3-7D904C11871A}.Debug|ARM.ActiveCfg = Debug|Any CPU
		{6109BE40-74B8-4503-90B3-7D904C11871A}.Debug|ARM.Build.0 = Debug|Any CPU
		{6109BE40-74B8-4503-90B3-7D904C11871A}.Debug|iPhone.ActiveCfg = Debug|Any CPU
		{6109BE40-74B8-4503-90B3-7D904C11871A}.Debug|iPhone.Build.0 = Debug|Any CPU
		{6109BE40-74B8-4503-90B3-7D904C11871A}.Debug|iPhoneSimulator.ActiveCfg = Debug|Any CPU
		{6109BE40-74B8-4503-90B3-7D904C11871A}.Debug|iPhoneSimulator.Build.0 = Debug|Any CPU
		{6109BE40-74B8-4503-90B3-7D904C11871A}.Debug|x64.ActiveCfg = Debug|Any CPU
		{6109BE40-74B8-4503-90B3-7D904C11871A}.Debug|x64.Build.0 = Debug|Any CPU
		{6109BE40-74B8-4503-90B3-7D904C11871A}.Debug|x86.ActiveCfg = Debug|Any CPU
		{6109BE40-74B8-4503-90B3-7D904C11871A}.Debug|x86.Build.0 = Debug|Any CPU
		{6109BE40-74B8-4503-90B3-7D904C11871A}.Default|Any CPU.ActiveCfg = Debug|Any CPU
		{6109BE40-74B8-4503-90B3-7D904C11871A}.Default|Any CPU.Build.0 = Debug|Any CPU
		{6109BE40-74B8-4503-90B3-7D904C11871A}.Default|ARM.ActiveCfg = Debug|Any CPU
		{6109BE40-74B8-4503-90B3-7D904C11871A}.Default|ARM.Build.0 = Debug|Any CPU
		{6109BE40-74B8-4503-90B3-7D904C11871A}.Default|iPhone.ActiveCfg = Debug|Any CPU
		{6109BE40-74B8-4503-90B3-7D904C11871A}.Default|iPhone.Build.0 = Debug|Any CPU
		{6109BE40-74B8-4503-90B3-7D904C11871A}.Default|iPhoneSimulator.ActiveCfg = Debug|Any CPU
		{6109BE40-74B8-4503-90B3-7D904C11871A}.Default|iPhoneSimulator.Build.0 = Debug|Any CPU
		{6109BE40-74B8-4503-90B3-7D904C11871A}.Default|x64.ActiveCfg = Debug|Any CPU
		{6109BE40-74B8-4503-90B3-7D904C11871A}.Default|x64.Build.0 = Debug|Any CPU
		{6109BE40-74B8-4503-90B3-7D904C11871A}.Default|x86.ActiveCfg = Debug|Any CPU
		{6109BE40-74B8-4503-90B3-7D904C11871A}.Default|x86.Build.0 = Debug|Any CPU
		{6109BE40-74B8-4503-90B3-7D904C11871A}.Release|Any CPU.ActiveCfg = Release|Any CPU
		{6109BE40-74B8-4503-90B3-7D904C11871A}.Release|Any CPU.Build.0 = Release|Any CPU
		{6109BE40-74B8-4503-90B3-7D904C11871A}.Release|ARM.ActiveCfg = Release|Any CPU
		{6109BE40-74B8-4503-90B3-7D904C11871A}.Release|ARM.Build.0 = Release|Any CPU
		{6109BE40-74B8-4503-90B3-7D904C11871A}.Release|iPhone.ActiveCfg = Release|Any CPU
		{6109BE40-74B8-4503-90B3-7D904C11871A}.Release|iPhone.Build.0 = Release|Any CPU
		{6109BE40-74B8-4503-90B3-7D904C11871A}.Release|iPhoneSimulator.ActiveCfg = Release|Any CPU
		{6109BE40-74B8-4503-90B3-7D904C11871A}.Release|iPhoneSimulator.Build.0 = Release|Any CPU
		{6109BE40-74B8-4503-90B3-7D904C11871A}.Release|x64.ActiveCfg = Release|Any CPU
		{6109BE40-74B8-4503-90B3-7D904C11871A}.Release|x64.Build.0 = Release|Any CPU
		{6109BE40-74B8-4503-90B3-7D904C11871A}.Release|x86.ActiveCfg = Release|Any CPU
		{6109BE40-74B8-4503-90B3-7D904C11871A}.Release|x86.Build.0 = Release|Any CPU
		{00BF046A-01E8-4846-A68E-9FE351CE37F4}.Debug|Any CPU.ActiveCfg = Debug|Any CPU
		{00BF046A-01E8-4846-A68E-9FE351CE37F4}.Debug|Any CPU.Build.0 = Debug|Any CPU
		{00BF046A-01E8-4846-A68E-9FE351CE37F4}.Debug|ARM.ActiveCfg = Debug|Any CPU
		{00BF046A-01E8-4846-A68E-9FE351CE37F4}.Debug|ARM.Build.0 = Debug|Any CPU
		{00BF046A-01E8-4846-A68E-9FE351CE37F4}.Debug|iPhone.ActiveCfg = Debug|Any CPU
		{00BF046A-01E8-4846-A68E-9FE351CE37F4}.Debug|iPhone.Build.0 = Debug|Any CPU
		{00BF046A-01E8-4846-A68E-9FE351CE37F4}.Debug|iPhoneSimulator.ActiveCfg = Debug|Any CPU
		{00BF046A-01E8-4846-A68E-9FE351CE37F4}.Debug|iPhoneSimulator.Build.0 = Debug|Any CPU
		{00BF046A-01E8-4846-A68E-9FE351CE37F4}.Debug|x64.ActiveCfg = Debug|Any CPU
		{00BF046A-01E8-4846-A68E-9FE351CE37F4}.Debug|x64.Build.0 = Debug|Any CPU
		{00BF046A-01E8-4846-A68E-9FE351CE37F4}.Debug|x86.ActiveCfg = Debug|Any CPU
		{00BF046A-01E8-4846-A68E-9FE351CE37F4}.Debug|x86.Build.0 = Debug|Any CPU
		{00BF046A-01E8-4846-A68E-9FE351CE37F4}.Default|Any CPU.ActiveCfg = Debug|Any CPU
		{00BF046A-01E8-4846-A68E-9FE351CE37F4}.Default|Any CPU.Build.0 = Debug|Any CPU
		{00BF046A-01E8-4846-A68E-9FE351CE37F4}.Default|ARM.ActiveCfg = Debug|Any CPU
		{00BF046A-01E8-4846-A68E-9FE351CE37F4}.Default|ARM.Build.0 = Debug|Any CPU
		{00BF046A-01E8-4846-A68E-9FE351CE37F4}.Default|iPhone.ActiveCfg = Debug|Any CPU
		{00BF046A-01E8-4846-A68E-9FE351CE37F4}.Default|iPhone.Build.0 = Debug|Any CPU
		{00BF046A-01E8-4846-A68E-9FE351CE37F4}.Default|iPhoneSimulator.ActiveCfg = Debug|Any CPU
		{00BF046A-01E8-4846-A68E-9FE351CE37F4}.Default|iPhoneSimulator.Build.0 = Debug|Any CPU
		{00BF046A-01E8-4846-A68E-9FE351CE37F4}.Default|x64.ActiveCfg = Debug|Any CPU
		{00BF046A-01E8-4846-A68E-9FE351CE37F4}.Default|x64.Build.0 = Debug|Any CPU
		{00BF046A-01E8-4846-A68E-9FE351CE37F4}.Default|x86.ActiveCfg = Debug|Any CPU
		{00BF046A-01E8-4846-A68E-9FE351CE37F4}.Default|x86.Build.0 = Debug|Any CPU
		{00BF046A-01E8-4846-A68E-9FE351CE37F4}.Release|Any CPU.ActiveCfg = Release|Any CPU
		{00BF046A-01E8-4846-A68E-9FE351CE37F4}.Release|Any CPU.Build.0 = Release|Any CPU
		{00BF046A-01E8-4846-A68E-9FE351CE37F4}.Release|ARM.ActiveCfg = Release|Any CPU
		{00BF046A-01E8-4846-A68E-9FE351CE37F4}.Release|ARM.Build.0 = Release|Any CPU
		{00BF046A-01E8-4846-A68E-9FE351CE37F4}.Release|iPhone.ActiveCfg = Release|Any CPU
		{00BF046A-01E8-4846-A68E-9FE351CE37F4}.Release|iPhone.Build.0 = Release|Any CPU
		{00BF046A-01E8-4846-A68E-9FE351CE37F4}.Release|iPhoneSimulator.ActiveCfg = Release|Any CPU
		{00BF046A-01E8-4846-A68E-9FE351CE37F4}.Release|iPhoneSimulator.Build.0 = Release|Any CPU
		{00BF046A-01E8-4846-A68E-9FE351CE37F4}.Release|x64.ActiveCfg = Release|Any CPU
		{00BF046A-01E8-4846-A68E-9FE351CE37F4}.Release|x64.Build.0 = Release|Any CPU
		{00BF046A-01E8-4846-A68E-9FE351CE37F4}.Release|x86.ActiveCfg = Release|Any CPU
		{00BF046A-01E8-4846-A68E-9FE351CE37F4}.Release|x86.Build.0 = Release|Any CPU
		{1CDAACD7-6C69-4A9C-8E13-71F16DCEF40A}.Debug|Any CPU.ActiveCfg = Debug|Any CPU
		{1CDAACD7-6C69-4A9C-8E13-71F16DCEF40A}.Debug|Any CPU.Build.0 = Debug|Any CPU
		{1CDAACD7-6C69-4A9C-8E13-71F16DCEF40A}.Debug|ARM.ActiveCfg = Debug|Any CPU
		{1CDAACD7-6C69-4A9C-8E13-71F16DCEF40A}.Debug|ARM.Build.0 = Debug|Any CPU
		{1CDAACD7-6C69-4A9C-8E13-71F16DCEF40A}.Debug|iPhone.ActiveCfg = Debug|Any CPU
		{1CDAACD7-6C69-4A9C-8E13-71F16DCEF40A}.Debug|iPhone.Build.0 = Debug|Any CPU
		{1CDAACD7-6C69-4A9C-8E13-71F16DCEF40A}.Debug|iPhoneSimulator.ActiveCfg = Debug|Any CPU
		{1CDAACD7-6C69-4A9C-8E13-71F16DCEF40A}.Debug|iPhoneSimulator.Build.0 = Debug|Any CPU
		{1CDAACD7-6C69-4A9C-8E13-71F16DCEF40A}.Debug|x64.ActiveCfg = Debug|Any CPU
		{1CDAACD7-6C69-4A9C-8E13-71F16DCEF40A}.Debug|x64.Build.0 = Debug|Any CPU
		{1CDAACD7-6C69-4A9C-8E13-71F16DCEF40A}.Debug|x86.ActiveCfg = Debug|Any CPU
		{1CDAACD7-6C69-4A9C-8E13-71F16DCEF40A}.Debug|x86.Build.0 = Debug|Any CPU
		{1CDAACD7-6C69-4A9C-8E13-71F16DCEF40A}.Default|Any CPU.ActiveCfg = Debug|Any CPU
		{1CDAACD7-6C69-4A9C-8E13-71F16DCEF40A}.Default|Any CPU.Build.0 = Debug|Any CPU
		{1CDAACD7-6C69-4A9C-8E13-71F16DCEF40A}.Default|ARM.ActiveCfg = Debug|Any CPU
		{1CDAACD7-6C69-4A9C-8E13-71F16DCEF40A}.Default|ARM.Build.0 = Debug|Any CPU
		{1CDAACD7-6C69-4A9C-8E13-71F16DCEF40A}.Default|iPhone.ActiveCfg = Debug|Any CPU
		{1CDAACD7-6C69-4A9C-8E13-71F16DCEF40A}.Default|iPhone.Build.0 = Debug|Any CPU
		{1CDAACD7-6C69-4A9C-8E13-71F16DCEF40A}.Default|iPhoneSimulator.ActiveCfg = Debug|Any CPU
		{1CDAACD7-6C69-4A9C-8E13-71F16DCEF40A}.Default|iPhoneSimulator.Build.0 = Debug|Any CPU
		{1CDAACD7-6C69-4A9C-8E13-71F16DCEF40A}.Default|x64.ActiveCfg = Debug|Any CPU
		{1CDAACD7-6C69-4A9C-8E13-71F16DCEF40A}.Default|x64.Build.0 = Debug|Any CPU
		{1CDAACD7-6C69-4A9C-8E13-71F16DCEF40A}.Default|x86.ActiveCfg = Debug|Any CPU
		{1CDAACD7-6C69-4A9C-8E13-71F16DCEF40A}.Default|x86.Build.0 = Debug|Any CPU
		{1CDAACD7-6C69-4A9C-8E13-71F16DCEF40A}.Release|Any CPU.ActiveCfg = Release|Any CPU
		{1CDAACD7-6C69-4A9C-8E13-71F16DCEF40A}.Release|Any CPU.Build.0 = Release|Any CPU
		{1CDAACD7-6C69-4A9C-8E13-71F16DCEF40A}.Release|ARM.ActiveCfg = Release|Any CPU
		{1CDAACD7-6C69-4A9C-8E13-71F16DCEF40A}.Release|ARM.Build.0 = Release|Any CPU
		{1CDAACD7-6C69-4A9C-8E13-71F16DCEF40A}.Release|iPhone.ActiveCfg = Release|Any CPU
		{1CDAACD7-6C69-4A9C-8E13-71F16DCEF40A}.Release|iPhone.Build.0 = Release|Any CPU
		{1CDAACD7-6C69-4A9C-8E13-71F16DCEF40A}.Release|iPhoneSimulator.ActiveCfg = Release|Any CPU
		{1CDAACD7-6C69-4A9C-8E13-71F16DCEF40A}.Release|iPhoneSimulator.Build.0 = Release|Any CPU
		{1CDAACD7-6C69-4A9C-8E13-71F16DCEF40A}.Release|x64.ActiveCfg = Release|Any CPU
		{1CDAACD7-6C69-4A9C-8E13-71F16DCEF40A}.Release|x64.Build.0 = Release|Any CPU
		{1CDAACD7-6C69-4A9C-8E13-71F16DCEF40A}.Release|x86.ActiveCfg = Release|Any CPU
		{1CDAACD7-6C69-4A9C-8E13-71F16DCEF40A}.Release|x86.Build.0 = Release|Any CPU
		{FB8555EF-A943-480C-A215-3FF66D117570}.Debug|Any CPU.ActiveCfg = Debug|Any CPU
		{FB8555EF-A943-480C-A215-3FF66D117570}.Debug|Any CPU.Build.0 = Debug|Any CPU
		{FB8555EF-A943-480C-A215-3FF66D117570}.Debug|ARM.ActiveCfg = Debug|Any CPU
		{FB8555EF-A943-480C-A215-3FF66D117570}.Debug|ARM.Build.0 = Debug|Any CPU
		{FB8555EF-A943-480C-A215-3FF66D117570}.Debug|iPhone.ActiveCfg = Debug|Any CPU
		{FB8555EF-A943-480C-A215-3FF66D117570}.Debug|iPhone.Build.0 = Debug|Any CPU
		{FB8555EF-A943-480C-A215-3FF66D117570}.Debug|iPhoneSimulator.ActiveCfg = Debug|Any CPU
		{FB8555EF-A943-480C-A215-3FF66D117570}.Debug|iPhoneSimulator.Build.0 = Debug|Any CPU
		{FB8555EF-A943-480C-A215-3FF66D117570}.Debug|x64.ActiveCfg = Debug|Any CPU
		{FB8555EF-A943-480C-A215-3FF66D117570}.Debug|x64.Build.0 = Debug|Any CPU
		{FB8555EF-A943-480C-A215-3FF66D117570}.Debug|x86.ActiveCfg = Debug|Any CPU
		{FB8555EF-A943-480C-A215-3FF66D117570}.Debug|x86.Build.0 = Debug|Any CPU
		{FB8555EF-A943-480C-A215-3FF66D117570}.Default|Any CPU.ActiveCfg = Debug|Any CPU
		{FB8555EF-A943-480C-A215-3FF66D117570}.Default|Any CPU.Build.0 = Debug|Any CPU
		{FB8555EF-A943-480C-A215-3FF66D117570}.Default|ARM.ActiveCfg = Debug|Any CPU
		{FB8555EF-A943-480C-A215-3FF66D117570}.Default|ARM.Build.0 = Debug|Any CPU
		{FB8555EF-A943-480C-A215-3FF66D117570}.Default|iPhone.ActiveCfg = Debug|Any CPU
		{FB8555EF-A943-480C-A215-3FF66D117570}.Default|iPhone.Build.0 = Debug|Any CPU
		{FB8555EF-A943-480C-A215-3FF66D117570}.Default|iPhoneSimulator.ActiveCfg = Debug|Any CPU
		{FB8555EF-A943-480C-A215-3FF66D117570}.Default|iPhoneSimulator.Build.0 = Debug|Any CPU
		{FB8555EF-A943-480C-A215-3FF66D117570}.Default|x64.ActiveCfg = Debug|Any CPU
		{FB8555EF-A943-480C-A215-3FF66D117570}.Default|x64.Build.0 = Debug|Any CPU
		{FB8555EF-A943-480C-A215-3FF66D117570}.Default|x86.ActiveCfg = Debug|Any CPU
		{FB8555EF-A943-480C-A215-3FF66D117570}.Default|x86.Build.0 = Debug|Any CPU
		{FB8555EF-A943-480C-A215-3FF66D117570}.Release|Any CPU.ActiveCfg = Release|Any CPU
		{FB8555EF-A943-480C-A215-3FF66D117570}.Release|Any CPU.Build.0 = Release|Any CPU
		{FB8555EF-A943-480C-A215-3FF66D117570}.Release|ARM.ActiveCfg = Release|Any CPU
		{FB8555EF-A943-480C-A215-3FF66D117570}.Release|ARM.Build.0 = Release|Any CPU
		{FB8555EF-A943-480C-A215-3FF66D117570}.Release|iPhone.ActiveCfg = Release|Any CPU
		{FB8555EF-A943-480C-A215-3FF66D117570}.Release|iPhone.Build.0 = Release|Any CPU
		{FB8555EF-A943-480C-A215-3FF66D117570}.Release|iPhoneSimulator.ActiveCfg = Release|Any CPU
		{FB8555EF-A943-480C-A215-3FF66D117570}.Release|iPhoneSimulator.Build.0 = Release|Any CPU
		{FB8555EF-A943-480C-A215-3FF66D117570}.Release|x64.ActiveCfg = Release|Any CPU
		{FB8555EF-A943-480C-A215-3FF66D117570}.Release|x64.Build.0 = Release|Any CPU
		{FB8555EF-A943-480C-A215-3FF66D117570}.Release|x86.ActiveCfg = Release|Any CPU
		{FB8555EF-A943-480C-A215-3FF66D117570}.Release|x86.Build.0 = Release|Any CPU
		{41F05AA6-B95D-4226-B3D7-5F8D754FEDD1}.Debug|Any CPU.ActiveCfg = Debug|Any CPU
		{41F05AA6-B95D-4226-B3D7-5F8D754FEDD1}.Debug|Any CPU.Build.0 = Debug|Any CPU
		{41F05AA6-B95D-4226-B3D7-5F8D754FEDD1}.Debug|ARM.ActiveCfg = Debug|Any CPU
		{41F05AA6-B95D-4226-B3D7-5F8D754FEDD1}.Debug|ARM.Build.0 = Debug|Any CPU
		{41F05AA6-B95D-4226-B3D7-5F8D754FEDD1}.Debug|iPhone.ActiveCfg = Debug|Any CPU
		{41F05AA6-B95D-4226-B3D7-5F8D754FEDD1}.Debug|iPhone.Build.0 = Debug|Any CPU
		{41F05AA6-B95D-4226-B3D7-5F8D754FEDD1}.Debug|iPhoneSimulator.ActiveCfg = Debug|Any CPU
		{41F05AA6-B95D-4226-B3D7-5F8D754FEDD1}.Debug|iPhoneSimulator.Build.0 = Debug|Any CPU
		{41F05AA6-B95D-4226-B3D7-5F8D754FEDD1}.Debug|x64.ActiveCfg = Debug|Any CPU
		{41F05AA6-B95D-4226-B3D7-5F8D754FEDD1}.Debug|x64.Build.0 = Debug|Any CPU
		{41F05AA6-B95D-4226-B3D7-5F8D754FEDD1}.Debug|x86.ActiveCfg = Debug|Any CPU
		{41F05AA6-B95D-4226-B3D7-5F8D754FEDD1}.Debug|x86.Build.0 = Debug|Any CPU
		{41F05AA6-B95D-4226-B3D7-5F8D754FEDD1}.Default|Any CPU.ActiveCfg = Debug|Any CPU
		{41F05AA6-B95D-4226-B3D7-5F8D754FEDD1}.Default|Any CPU.Build.0 = Debug|Any CPU
		{41F05AA6-B95D-4226-B3D7-5F8D754FEDD1}.Default|ARM.ActiveCfg = Debug|Any CPU
		{41F05AA6-B95D-4226-B3D7-5F8D754FEDD1}.Default|ARM.Build.0 = Debug|Any CPU
		{41F05AA6-B95D-4226-B3D7-5F8D754FEDD1}.Default|iPhone.ActiveCfg = Debug|Any CPU
		{41F05AA6-B95D-4226-B3D7-5F8D754FEDD1}.Default|iPhone.Build.0 = Debug|Any CPU
		{41F05AA6-B95D-4226-B3D7-5F8D754FEDD1}.Default|iPhoneSimulator.ActiveCfg = Debug|Any CPU
		{41F05AA6-B95D-4226-B3D7-5F8D754FEDD1}.Default|iPhoneSimulator.Build.0 = Debug|Any CPU
		{41F05AA6-B95D-4226-B3D7-5F8D754FEDD1}.Default|x64.ActiveCfg = Debug|Any CPU
		{41F05AA6-B95D-4226-B3D7-5F8D754FEDD1}.Default|x64.Build.0 = Debug|Any CPU
		{41F05AA6-B95D-4226-B3D7-5F8D754FEDD1}.Default|x86.ActiveCfg = Debug|Any CPU
		{41F05AA6-B95D-4226-B3D7-5F8D754FEDD1}.Default|x86.Build.0 = Debug|Any CPU
		{41F05AA6-B95D-4226-B3D7-5F8D754FEDD1}.Release|Any CPU.ActiveCfg = Release|Any CPU
		{41F05AA6-B95D-4226-B3D7-5F8D754FEDD1}.Release|Any CPU.Build.0 = Release|Any CPU
		{41F05AA6-B95D-4226-B3D7-5F8D754FEDD1}.Release|ARM.ActiveCfg = Release|Any CPU
		{41F05AA6-B95D-4226-B3D7-5F8D754FEDD1}.Release|ARM.Build.0 = Release|Any CPU
		{41F05AA6-B95D-4226-B3D7-5F8D754FEDD1}.Release|iPhone.ActiveCfg = Release|Any CPU
		{41F05AA6-B95D-4226-B3D7-5F8D754FEDD1}.Release|iPhone.Build.0 = Release|Any CPU
		{41F05AA6-B95D-4226-B3D7-5F8D754FEDD1}.Release|iPhoneSimulator.ActiveCfg = Release|Any CPU
		{41F05AA6-B95D-4226-B3D7-5F8D754FEDD1}.Release|iPhoneSimulator.Build.0 = Release|Any CPU
		{41F05AA6-B95D-4226-B3D7-5F8D754FEDD1}.Release|x64.ActiveCfg = Release|Any CPU
		{41F05AA6-B95D-4226-B3D7-5F8D754FEDD1}.Release|x64.Build.0 = Release|Any CPU
		{41F05AA6-B95D-4226-B3D7-5F8D754FEDD1}.Release|x86.ActiveCfg = Release|Any CPU
		{41F05AA6-B95D-4226-B3D7-5F8D754FEDD1}.Release|x86.Build.0 = Release|Any CPU
		{06C581AF-8648-40DB-8B4C-2908F11A6FD8}.Debug|Any CPU.ActiveCfg = Debug|Any CPU
		{06C581AF-8648-40DB-8B4C-2908F11A6FD8}.Debug|Any CPU.Build.0 = Debug|Any CPU
		{06C581AF-8648-40DB-8B4C-2908F11A6FD8}.Debug|ARM.ActiveCfg = Debug|Any CPU
		{06C581AF-8648-40DB-8B4C-2908F11A6FD8}.Debug|ARM.Build.0 = Debug|Any CPU
		{06C581AF-8648-40DB-8B4C-2908F11A6FD8}.Debug|iPhone.ActiveCfg = Debug|Any CPU
		{06C581AF-8648-40DB-8B4C-2908F11A6FD8}.Debug|iPhone.Build.0 = Debug|Any CPU
		{06C581AF-8648-40DB-8B4C-2908F11A6FD8}.Debug|iPhoneSimulator.ActiveCfg = Debug|Any CPU
		{06C581AF-8648-40DB-8B4C-2908F11A6FD8}.Debug|iPhoneSimulator.Build.0 = Debug|Any CPU
		{06C581AF-8648-40DB-8B4C-2908F11A6FD8}.Debug|x64.ActiveCfg = Debug|Any CPU
		{06C581AF-8648-40DB-8B4C-2908F11A6FD8}.Debug|x64.Build.0 = Debug|Any CPU
		{06C581AF-8648-40DB-8B4C-2908F11A6FD8}.Debug|x86.ActiveCfg = Debug|Any CPU
		{06C581AF-8648-40DB-8B4C-2908F11A6FD8}.Debug|x86.Build.0 = Debug|Any CPU
		{06C581AF-8648-40DB-8B4C-2908F11A6FD8}.Default|Any CPU.ActiveCfg = Debug|Any CPU
		{06C581AF-8648-40DB-8B4C-2908F11A6FD8}.Default|Any CPU.Build.0 = Debug|Any CPU
		{06C581AF-8648-40DB-8B4C-2908F11A6FD8}.Default|ARM.ActiveCfg = Debug|Any CPU
		{06C581AF-8648-40DB-8B4C-2908F11A6FD8}.Default|ARM.Build.0 = Debug|Any CPU
		{06C581AF-8648-40DB-8B4C-2908F11A6FD8}.Default|iPhone.ActiveCfg = Debug|Any CPU
		{06C581AF-8648-40DB-8B4C-2908F11A6FD8}.Default|iPhone.Build.0 = Debug|Any CPU
		{06C581AF-8648-40DB-8B4C-2908F11A6FD8}.Default|iPhoneSimulator.ActiveCfg = Debug|Any CPU
		{06C581AF-8648-40DB-8B4C-2908F11A6FD8}.Default|iPhoneSimulator.Build.0 = Debug|Any CPU
		{06C581AF-8648-40DB-8B4C-2908F11A6FD8}.Default|x64.ActiveCfg = Debug|Any CPU
		{06C581AF-8648-40DB-8B4C-2908F11A6FD8}.Default|x64.Build.0 = Debug|Any CPU
		{06C581AF-8648-40DB-8B4C-2908F11A6FD8}.Default|x86.ActiveCfg = Debug|Any CPU
		{06C581AF-8648-40DB-8B4C-2908F11A6FD8}.Default|x86.Build.0 = Debug|Any CPU
		{06C581AF-8648-40DB-8B4C-2908F11A6FD8}.Release|Any CPU.ActiveCfg = Release|Any CPU
		{06C581AF-8648-40DB-8B4C-2908F11A6FD8}.Release|Any CPU.Build.0 = Release|Any CPU
		{06C581AF-8648-40DB-8B4C-2908F11A6FD8}.Release|ARM.ActiveCfg = Release|Any CPU
		{06C581AF-8648-40DB-8B4C-2908F11A6FD8}.Release|ARM.Build.0 = Release|Any CPU
		{06C581AF-8648-40DB-8B4C-2908F11A6FD8}.Release|iPhone.ActiveCfg = Release|Any CPU
		{06C581AF-8648-40DB-8B4C-2908F11A6FD8}.Release|iPhone.Build.0 = Release|Any CPU
		{06C581AF-8648-40DB-8B4C-2908F11A6FD8}.Release|iPhoneSimulator.ActiveCfg = Release|Any CPU
		{06C581AF-8648-40DB-8B4C-2908F11A6FD8}.Release|iPhoneSimulator.Build.0 = Release|Any CPU
		{06C581AF-8648-40DB-8B4C-2908F11A6FD8}.Release|x64.ActiveCfg = Release|Any CPU
		{06C581AF-8648-40DB-8B4C-2908F11A6FD8}.Release|x64.Build.0 = Release|Any CPU
		{06C581AF-8648-40DB-8B4C-2908F11A6FD8}.Release|x86.ActiveCfg = Release|Any CPU
		{06C581AF-8648-40DB-8B4C-2908F11A6FD8}.Release|x86.Build.0 = Release|Any CPU
		{C2E2B042-6090-4ACB-83E8-CA961C42387B}.Debug|Any CPU.ActiveCfg = Debug|Any CPU
		{C2E2B042-6090-4ACB-83E8-CA961C42387B}.Debug|Any CPU.Build.0 = Debug|Any CPU
		{C2E2B042-6090-4ACB-83E8-CA961C42387B}.Debug|ARM.ActiveCfg = Debug|Any CPU
		{C2E2B042-6090-4ACB-83E8-CA961C42387B}.Debug|ARM.Build.0 = Debug|Any CPU
		{C2E2B042-6090-4ACB-83E8-CA961C42387B}.Debug|iPhone.ActiveCfg = Debug|Any CPU
		{C2E2B042-6090-4ACB-83E8-CA961C42387B}.Debug|iPhone.Build.0 = Debug|Any CPU
		{C2E2B042-6090-4ACB-83E8-CA961C42387B}.Debug|iPhoneSimulator.ActiveCfg = Debug|Any CPU
		{C2E2B042-6090-4ACB-83E8-CA961C42387B}.Debug|iPhoneSimulator.Build.0 = Debug|Any CPU
		{C2E2B042-6090-4ACB-83E8-CA961C42387B}.Debug|x64.ActiveCfg = Debug|Any CPU
		{C2E2B042-6090-4ACB-83E8-CA961C42387B}.Debug|x64.Build.0 = Debug|Any CPU
		{C2E2B042-6090-4ACB-83E8-CA961C42387B}.Debug|x86.ActiveCfg = Debug|Any CPU
		{C2E2B042-6090-4ACB-83E8-CA961C42387B}.Debug|x86.Build.0 = Debug|Any CPU
		{C2E2B042-6090-4ACB-83E8-CA961C42387B}.Default|Any CPU.ActiveCfg = Debug|Any CPU
		{C2E2B042-6090-4ACB-83E8-CA961C42387B}.Default|Any CPU.Build.0 = Debug|Any CPU
		{C2E2B042-6090-4ACB-83E8-CA961C42387B}.Default|ARM.ActiveCfg = Debug|Any CPU
		{C2E2B042-6090-4ACB-83E8-CA961C42387B}.Default|ARM.Build.0 = Debug|Any CPU
		{C2E2B042-6090-4ACB-83E8-CA961C42387B}.Default|iPhone.ActiveCfg = Debug|Any CPU
		{C2E2B042-6090-4ACB-83E8-CA961C42387B}.Default|iPhone.Build.0 = Debug|Any CPU
		{C2E2B042-6090-4ACB-83E8-CA961C42387B}.Default|iPhoneSimulator.ActiveCfg = Debug|Any CPU
		{C2E2B042-6090-4ACB-83E8-CA961C42387B}.Default|iPhoneSimulator.Build.0 = Debug|Any CPU
		{C2E2B042-6090-4ACB-83E8-CA961C42387B}.Default|x64.ActiveCfg = Debug|Any CPU
		{C2E2B042-6090-4ACB-83E8-CA961C42387B}.Default|x64.Build.0 = Debug|Any CPU
		{C2E2B042-6090-4ACB-83E8-CA961C42387B}.Default|x86.ActiveCfg = Debug|Any CPU
		{C2E2B042-6090-4ACB-83E8-CA961C42387B}.Default|x86.Build.0 = Debug|Any CPU
		{C2E2B042-6090-4ACB-83E8-CA961C42387B}.Release|Any CPU.ActiveCfg = Release|Any CPU
		{C2E2B042-6090-4ACB-83E8-CA961C42387B}.Release|Any CPU.Build.0 = Release|Any CPU
		{C2E2B042-6090-4ACB-83E8-CA961C42387B}.Release|ARM.ActiveCfg = Release|Any CPU
		{C2E2B042-6090-4ACB-83E8-CA961C42387B}.Release|ARM.Build.0 = Release|Any CPU
		{C2E2B042-6090-4ACB-83E8-CA961C42387B}.Release|iPhone.ActiveCfg = Release|Any CPU
		{C2E2B042-6090-4ACB-83E8-CA961C42387B}.Release|iPhone.Build.0 = Release|Any CPU
		{C2E2B042-6090-4ACB-83E8-CA961C42387B}.Release|iPhoneSimulator.ActiveCfg = Release|Any CPU
		{C2E2B042-6090-4ACB-83E8-CA961C42387B}.Release|iPhoneSimulator.Build.0 = Release|Any CPU
		{C2E2B042-6090-4ACB-83E8-CA961C42387B}.Release|x64.ActiveCfg = Release|Any CPU
		{C2E2B042-6090-4ACB-83E8-CA961C42387B}.Release|x64.Build.0 = Release|Any CPU
		{C2E2B042-6090-4ACB-83E8-CA961C42387B}.Release|x86.ActiveCfg = Release|Any CPU
		{C2E2B042-6090-4ACB-83E8-CA961C42387B}.Release|x86.Build.0 = Release|Any CPU
		{6AE8A56A-5894-4480-B278-F7F330961F71}.Debug|Any CPU.ActiveCfg = Debug|Any CPU
		{6AE8A56A-5894-4480-B278-F7F330961F71}.Debug|Any CPU.Build.0 = Debug|Any CPU
		{6AE8A56A-5894-4480-B278-F7F330961F71}.Debug|ARM.ActiveCfg = Debug|Any CPU
		{6AE8A56A-5894-4480-B278-F7F330961F71}.Debug|ARM.Build.0 = Debug|Any CPU
		{6AE8A56A-5894-4480-B278-F7F330961F71}.Debug|iPhone.ActiveCfg = Debug|Any CPU
		{6AE8A56A-5894-4480-B278-F7F330961F71}.Debug|iPhone.Build.0 = Debug|Any CPU
		{6AE8A56A-5894-4480-B278-F7F330961F71}.Debug|iPhoneSimulator.ActiveCfg = Debug|Any CPU
		{6AE8A56A-5894-4480-B278-F7F330961F71}.Debug|iPhoneSimulator.Build.0 = Debug|Any CPU
		{6AE8A56A-5894-4480-B278-F7F330961F71}.Debug|x64.ActiveCfg = Debug|Any CPU
		{6AE8A56A-5894-4480-B278-F7F330961F71}.Debug|x64.Build.0 = Debug|Any CPU
		{6AE8A56A-5894-4480-B278-F7F330961F71}.Debug|x86.ActiveCfg = Debug|Any CPU
		{6AE8A56A-5894-4480-B278-F7F330961F71}.Debug|x86.Build.0 = Debug|Any CPU
		{6AE8A56A-5894-4480-B278-F7F330961F71}.Default|Any CPU.ActiveCfg = Debug|Any CPU
		{6AE8A56A-5894-4480-B278-F7F330961F71}.Default|Any CPU.Build.0 = Debug|Any CPU
		{6AE8A56A-5894-4480-B278-F7F330961F71}.Default|ARM.ActiveCfg = Debug|Any CPU
		{6AE8A56A-5894-4480-B278-F7F330961F71}.Default|ARM.Build.0 = Debug|Any CPU
		{6AE8A56A-5894-4480-B278-F7F330961F71}.Default|iPhone.ActiveCfg = Debug|Any CPU
		{6AE8A56A-5894-4480-B278-F7F330961F71}.Default|iPhone.Build.0 = Debug|Any CPU
		{6AE8A56A-5894-4480-B278-F7F330961F71}.Default|iPhoneSimulator.ActiveCfg = Debug|Any CPU
		{6AE8A56A-5894-4480-B278-F7F330961F71}.Default|iPhoneSimulator.Build.0 = Debug|Any CPU
		{6AE8A56A-5894-4480-B278-F7F330961F71}.Default|x64.ActiveCfg = Debug|Any CPU
		{6AE8A56A-5894-4480-B278-F7F330961F71}.Default|x64.Build.0 = Debug|Any CPU
		{6AE8A56A-5894-4480-B278-F7F330961F71}.Default|x86.ActiveCfg = Debug|Any CPU
		{6AE8A56A-5894-4480-B278-F7F330961F71}.Default|x86.Build.0 = Debug|Any CPU
		{6AE8A56A-5894-4480-B278-F7F330961F71}.Release|Any CPU.ActiveCfg = Release|Any CPU
		{6AE8A56A-5894-4480-B278-F7F330961F71}.Release|Any CPU.Build.0 = Release|Any CPU
		{6AE8A56A-5894-4480-B278-F7F330961F71}.Release|ARM.ActiveCfg = Release|Any CPU
		{6AE8A56A-5894-4480-B278-F7F330961F71}.Release|ARM.Build.0 = Release|Any CPU
		{6AE8A56A-5894-4480-B278-F7F330961F71}.Release|iPhone.ActiveCfg = Release|Any CPU
		{6AE8A56A-5894-4480-B278-F7F330961F71}.Release|iPhone.Build.0 = Release|Any CPU
		{6AE8A56A-5894-4480-B278-F7F330961F71}.Release|iPhoneSimulator.ActiveCfg = Release|Any CPU
		{6AE8A56A-5894-4480-B278-F7F330961F71}.Release|iPhoneSimulator.Build.0 = Release|Any CPU
		{6AE8A56A-5894-4480-B278-F7F330961F71}.Release|x64.ActiveCfg = Release|Any CPU
		{6AE8A56A-5894-4480-B278-F7F330961F71}.Release|x64.Build.0 = Release|Any CPU
		{6AE8A56A-5894-4480-B278-F7F330961F71}.Release|x86.ActiveCfg = Release|Any CPU
		{6AE8A56A-5894-4480-B278-F7F330961F71}.Release|x86.Build.0 = Release|Any CPU
		{8303AA07-85E9-496F-8FAB-1A1B6A2C1572}.Debug|Any CPU.ActiveCfg = Debug|Any CPU
		{8303AA07-85E9-496F-8FAB-1A1B6A2C1572}.Debug|Any CPU.Build.0 = Debug|Any CPU
		{8303AA07-85E9-496F-8FAB-1A1B6A2C1572}.Debug|Any CPU.Deploy.0 = Debug|Any CPU
		{8303AA07-85E9-496F-8FAB-1A1B6A2C1572}.Debug|ARM.ActiveCfg = Debug|Any CPU
		{8303AA07-85E9-496F-8FAB-1A1B6A2C1572}.Debug|ARM.Build.0 = Debug|Any CPU
		{8303AA07-85E9-496F-8FAB-1A1B6A2C1572}.Debug|ARM.Deploy.0 = Debug|Any CPU
		{8303AA07-85E9-496F-8FAB-1A1B6A2C1572}.Debug|iPhone.ActiveCfg = Debug|Any CPU
		{8303AA07-85E9-496F-8FAB-1A1B6A2C1572}.Debug|iPhone.Build.0 = Debug|Any CPU
		{8303AA07-85E9-496F-8FAB-1A1B6A2C1572}.Debug|iPhone.Deploy.0 = Debug|Any CPU
		{8303AA07-85E9-496F-8FAB-1A1B6A2C1572}.Debug|iPhoneSimulator.ActiveCfg = Debug|Any CPU
		{8303AA07-85E9-496F-8FAB-1A1B6A2C1572}.Debug|iPhoneSimulator.Build.0 = Debug|Any CPU
		{8303AA07-85E9-496F-8FAB-1A1B6A2C1572}.Debug|iPhoneSimulator.Deploy.0 = Debug|Any CPU
		{8303AA07-85E9-496F-8FAB-1A1B6A2C1572}.Debug|x64.ActiveCfg = Debug|Any CPU
		{8303AA07-85E9-496F-8FAB-1A1B6A2C1572}.Debug|x64.Build.0 = Debug|Any CPU
		{8303AA07-85E9-496F-8FAB-1A1B6A2C1572}.Debug|x64.Deploy.0 = Debug|Any CPU
		{8303AA07-85E9-496F-8FAB-1A1B6A2C1572}.Debug|x86.ActiveCfg = Debug|Any CPU
		{8303AA07-85E9-496F-8FAB-1A1B6A2C1572}.Debug|x86.Build.0 = Debug|Any CPU
		{8303AA07-85E9-496F-8FAB-1A1B6A2C1572}.Debug|x86.Deploy.0 = Debug|Any CPU
		{8303AA07-85E9-496F-8FAB-1A1B6A2C1572}.Default|Any CPU.ActiveCfg = Debug|Any CPU
		{8303AA07-85E9-496F-8FAB-1A1B6A2C1572}.Default|Any CPU.Build.0 = Debug|Any CPU
		{8303AA07-85E9-496F-8FAB-1A1B6A2C1572}.Default|Any CPU.Deploy.0 = Debug|Any CPU
		{8303AA07-85E9-496F-8FAB-1A1B6A2C1572}.Default|ARM.ActiveCfg = Debug|Any CPU
		{8303AA07-85E9-496F-8FAB-1A1B6A2C1572}.Default|ARM.Build.0 = Debug|Any CPU
		{8303AA07-85E9-496F-8FAB-1A1B6A2C1572}.Default|ARM.Deploy.0 = Debug|Any CPU
		{8303AA07-85E9-496F-8FAB-1A1B6A2C1572}.Default|iPhone.ActiveCfg = Debug|Any CPU
		{8303AA07-85E9-496F-8FAB-1A1B6A2C1572}.Default|iPhone.Build.0 = Debug|Any CPU
		{8303AA07-85E9-496F-8FAB-1A1B6A2C1572}.Default|iPhone.Deploy.0 = Debug|Any CPU
		{8303AA07-85E9-496F-8FAB-1A1B6A2C1572}.Default|iPhoneSimulator.ActiveCfg = Debug|Any CPU
		{8303AA07-85E9-496F-8FAB-1A1B6A2C1572}.Default|iPhoneSimulator.Build.0 = Debug|Any CPU
		{8303AA07-85E9-496F-8FAB-1A1B6A2C1572}.Default|iPhoneSimulator.Deploy.0 = Debug|Any CPU
		{8303AA07-85E9-496F-8FAB-1A1B6A2C1572}.Default|x64.ActiveCfg = Debug|Any CPU
		{8303AA07-85E9-496F-8FAB-1A1B6A2C1572}.Default|x64.Build.0 = Debug|Any CPU
		{8303AA07-85E9-496F-8FAB-1A1B6A2C1572}.Default|x64.Deploy.0 = Debug|Any CPU
		{8303AA07-85E9-496F-8FAB-1A1B6A2C1572}.Default|x86.ActiveCfg = Debug|Any CPU
		{8303AA07-85E9-496F-8FAB-1A1B6A2C1572}.Default|x86.Build.0 = Debug|Any CPU
		{8303AA07-85E9-496F-8FAB-1A1B6A2C1572}.Default|x86.Deploy.0 = Debug|Any CPU
		{8303AA07-85E9-496F-8FAB-1A1B6A2C1572}.Release|Any CPU.ActiveCfg = Release|Any CPU
		{8303AA07-85E9-496F-8FAB-1A1B6A2C1572}.Release|Any CPU.Build.0 = Release|Any CPU
		{8303AA07-85E9-496F-8FAB-1A1B6A2C1572}.Release|Any CPU.Deploy.0 = Release|Any CPU
		{8303AA07-85E9-496F-8FAB-1A1B6A2C1572}.Release|ARM.ActiveCfg = Release|Any CPU
		{8303AA07-85E9-496F-8FAB-1A1B6A2C1572}.Release|ARM.Build.0 = Release|Any CPU
		{8303AA07-85E9-496F-8FAB-1A1B6A2C1572}.Release|ARM.Deploy.0 = Release|Any CPU
		{8303AA07-85E9-496F-8FAB-1A1B6A2C1572}.Release|iPhone.ActiveCfg = Release|Any CPU
		{8303AA07-85E9-496F-8FAB-1A1B6A2C1572}.Release|iPhone.Build.0 = Release|Any CPU
		{8303AA07-85E9-496F-8FAB-1A1B6A2C1572}.Release|iPhone.Deploy.0 = Release|Any CPU
		{8303AA07-85E9-496F-8FAB-1A1B6A2C1572}.Release|iPhoneSimulator.ActiveCfg = Release|Any CPU
		{8303AA07-85E9-496F-8FAB-1A1B6A2C1572}.Release|iPhoneSimulator.Build.0 = Release|Any CPU
		{8303AA07-85E9-496F-8FAB-1A1B6A2C1572}.Release|iPhoneSimulator.Deploy.0 = Release|Any CPU
		{8303AA07-85E9-496F-8FAB-1A1B6A2C1572}.Release|x64.ActiveCfg = Release|Any CPU
		{8303AA07-85E9-496F-8FAB-1A1B6A2C1572}.Release|x64.Build.0 = Release|Any CPU
		{8303AA07-85E9-496F-8FAB-1A1B6A2C1572}.Release|x64.Deploy.0 = Release|Any CPU
		{8303AA07-85E9-496F-8FAB-1A1B6A2C1572}.Release|x86.ActiveCfg = Release|Any CPU
		{8303AA07-85E9-496F-8FAB-1A1B6A2C1572}.Release|x86.Build.0 = Release|Any CPU
		{8303AA07-85E9-496F-8FAB-1A1B6A2C1572}.Release|x86.Deploy.0 = Release|Any CPU
		{91D61155-9B34-4E06-A885-1FE5A4538497}.Debug|Any CPU.ActiveCfg = Debug|iPhoneSimulator
		{91D61155-9B34-4E06-A885-1FE5A4538497}.Debug|ARM.ActiveCfg = Debug|iPhoneSimulator
		{91D61155-9B34-4E06-A885-1FE5A4538497}.Debug|iPhone.ActiveCfg = Debug|iPhone
		{91D61155-9B34-4E06-A885-1FE5A4538497}.Debug|iPhone.Build.0 = Debug|iPhone
		{91D61155-9B34-4E06-A885-1FE5A4538497}.Debug|iPhoneSimulator.ActiveCfg = Debug|iPhoneSimulator
		{91D61155-9B34-4E06-A885-1FE5A4538497}.Debug|iPhoneSimulator.Build.0 = Debug|iPhoneSimulator
		{91D61155-9B34-4E06-A885-1FE5A4538497}.Debug|x64.ActiveCfg = Debug|iPhoneSimulator
		{91D61155-9B34-4E06-A885-1FE5A4538497}.Debug|x86.ActiveCfg = Debug|iPhoneSimulator
		{91D61155-9B34-4E06-A885-1FE5A4538497}.Default|Any CPU.ActiveCfg = Debug|iPhoneSimulator
		{91D61155-9B34-4E06-A885-1FE5A4538497}.Default|Any CPU.Build.0 = Debug|iPhoneSimulator
		{91D61155-9B34-4E06-A885-1FE5A4538497}.Default|ARM.ActiveCfg = Debug|iPhoneSimulator
		{91D61155-9B34-4E06-A885-1FE5A4538497}.Default|ARM.Build.0 = Debug|iPhoneSimulator
		{91D61155-9B34-4E06-A885-1FE5A4538497}.Default|iPhone.ActiveCfg = Debug|iPhone
		{91D61155-9B34-4E06-A885-1FE5A4538497}.Default|iPhone.Build.0 = Debug|iPhone
		{91D61155-9B34-4E06-A885-1FE5A4538497}.Default|iPhoneSimulator.ActiveCfg = Debug|iPhoneSimulator
		{91D61155-9B34-4E06-A885-1FE5A4538497}.Default|iPhoneSimulator.Build.0 = Debug|iPhoneSimulator
		{91D61155-9B34-4E06-A885-1FE5A4538497}.Default|x64.ActiveCfg = Debug|iPhoneSimulator
		{91D61155-9B34-4E06-A885-1FE5A4538497}.Default|x64.Build.0 = Debug|iPhoneSimulator
		{91D61155-9B34-4E06-A885-1FE5A4538497}.Default|x86.ActiveCfg = Debug|iPhoneSimulator
		{91D61155-9B34-4E06-A885-1FE5A4538497}.Default|x86.Build.0 = Debug|iPhoneSimulator
		{91D61155-9B34-4E06-A885-1FE5A4538497}.Release|Any CPU.ActiveCfg = Release|iPhoneSimulator
		{91D61155-9B34-4E06-A885-1FE5A4538497}.Release|ARM.ActiveCfg = Release|iPhoneSimulator
		{91D61155-9B34-4E06-A885-1FE5A4538497}.Release|iPhone.ActiveCfg = Release|iPhone
		{91D61155-9B34-4E06-A885-1FE5A4538497}.Release|iPhone.Build.0 = Release|iPhone
		{91D61155-9B34-4E06-A885-1FE5A4538497}.Release|iPhoneSimulator.ActiveCfg = Release|iPhoneSimulator
		{91D61155-9B34-4E06-A885-1FE5A4538497}.Release|iPhoneSimulator.Build.0 = Release|iPhoneSimulator
		{91D61155-9B34-4E06-A885-1FE5A4538497}.Release|x64.ActiveCfg = Release|iPhoneSimulator
		{91D61155-9B34-4E06-A885-1FE5A4538497}.Release|x86.ActiveCfg = Release|iPhoneSimulator
		{8D151AEE-F998-47E0-AC7E-AEFDEEB3B71B}.Debug|Any CPU.ActiveCfg = Debug|x86
		{8D151AEE-F998-47E0-AC7E-AEFDEEB3B71B}.Debug|ARM.ActiveCfg = Debug|ARM
		{8D151AEE-F998-47E0-AC7E-AEFDEEB3B71B}.Debug|ARM.Build.0 = Debug|ARM
		{8D151AEE-F998-47E0-AC7E-AEFDEEB3B71B}.Debug|ARM.Deploy.0 = Debug|ARM
		{8D151AEE-F998-47E0-AC7E-AEFDEEB3B71B}.Debug|iPhone.ActiveCfg = Debug|x86
		{8D151AEE-F998-47E0-AC7E-AEFDEEB3B71B}.Debug|iPhoneSimulator.ActiveCfg = Debug|x86
		{8D151AEE-F998-47E0-AC7E-AEFDEEB3B71B}.Debug|x64.ActiveCfg = Debug|x64
		{8D151AEE-F998-47E0-AC7E-AEFDEEB3B71B}.Debug|x64.Build.0 = Debug|x64
		{8D151AEE-F998-47E0-AC7E-AEFDEEB3B71B}.Debug|x64.Deploy.0 = Debug|x64
		{8D151AEE-F998-47E0-AC7E-AEFDEEB3B71B}.Debug|x86.ActiveCfg = Debug|x86
		{8D151AEE-F998-47E0-AC7E-AEFDEEB3B71B}.Debug|x86.Build.0 = Debug|x86
		{8D151AEE-F998-47E0-AC7E-AEFDEEB3B71B}.Debug|x86.Deploy.0 = Debug|x86
		{8D151AEE-F998-47E0-AC7E-AEFDEEB3B71B}.Default|Any CPU.ActiveCfg = Debug|ARM
		{8D151AEE-F998-47E0-AC7E-AEFDEEB3B71B}.Default|Any CPU.Build.0 = Debug|ARM
		{8D151AEE-F998-47E0-AC7E-AEFDEEB3B71B}.Default|Any CPU.Deploy.0 = Debug|ARM
		{8D151AEE-F998-47E0-AC7E-AEFDEEB3B71B}.Default|ARM.ActiveCfg = Debug|ARM
		{8D151AEE-F998-47E0-AC7E-AEFDEEB3B71B}.Default|ARM.Build.0 = Debug|ARM
		{8D151AEE-F998-47E0-AC7E-AEFDEEB3B71B}.Default|ARM.Deploy.0 = Debug|ARM
		{8D151AEE-F998-47E0-AC7E-AEFDEEB3B71B}.Default|iPhone.ActiveCfg = Debug|ARM
		{8D151AEE-F998-47E0-AC7E-AEFDEEB3B71B}.Default|iPhone.Build.0 = Debug|ARM
		{8D151AEE-F998-47E0-AC7E-AEFDEEB3B71B}.Default|iPhone.Deploy.0 = Debug|ARM
		{8D151AEE-F998-47E0-AC7E-AEFDEEB3B71B}.Default|iPhoneSimulator.ActiveCfg = Debug|ARM
		{8D151AEE-F998-47E0-AC7E-AEFDEEB3B71B}.Default|iPhoneSimulator.Build.0 = Debug|ARM
		{8D151AEE-F998-47E0-AC7E-AEFDEEB3B71B}.Default|iPhoneSimulator.Deploy.0 = Debug|ARM
		{8D151AEE-F998-47E0-AC7E-AEFDEEB3B71B}.Default|x64.ActiveCfg = Debug|x64
		{8D151AEE-F998-47E0-AC7E-AEFDEEB3B71B}.Default|x64.Build.0 = Debug|x64
		{8D151AEE-F998-47E0-AC7E-AEFDEEB3B71B}.Default|x64.Deploy.0 = Debug|x64
		{8D151AEE-F998-47E0-AC7E-AEFDEEB3B71B}.Default|x86.ActiveCfg = Debug|x86
		{8D151AEE-F998-47E0-AC7E-AEFDEEB3B71B}.Default|x86.Build.0 = Debug|x86
		{8D151AEE-F998-47E0-AC7E-AEFDEEB3B71B}.Default|x86.Deploy.0 = Debug|x86
		{8D151AEE-F998-47E0-AC7E-AEFDEEB3B71B}.Release|Any CPU.ActiveCfg = Release|x86
		{8D151AEE-F998-47E0-AC7E-AEFDEEB3B71B}.Release|ARM.ActiveCfg = Release|ARM
		{8D151AEE-F998-47E0-AC7E-AEFDEEB3B71B}.Release|ARM.Build.0 = Release|ARM
		{8D151AEE-F998-47E0-AC7E-AEFDEEB3B71B}.Release|ARM.Deploy.0 = Release|ARM
		{8D151AEE-F998-47E0-AC7E-AEFDEEB3B71B}.Release|iPhone.ActiveCfg = Release|x86
		{8D151AEE-F998-47E0-AC7E-AEFDEEB3B71B}.Release|iPhoneSimulator.ActiveCfg = Release|x86
		{8D151AEE-F998-47E0-AC7E-AEFDEEB3B71B}.Release|x64.ActiveCfg = Release|x64
		{8D151AEE-F998-47E0-AC7E-AEFDEEB3B71B}.Release|x64.Build.0 = Release|x64
		{8D151AEE-F998-47E0-AC7E-AEFDEEB3B71B}.Release|x64.Deploy.0 = Release|x64
		{8D151AEE-F998-47E0-AC7E-AEFDEEB3B71B}.Release|x86.ActiveCfg = Release|x86
		{8D151AEE-F998-47E0-AC7E-AEFDEEB3B71B}.Release|x86.Build.0 = Release|x86
		{8D151AEE-F998-47E0-AC7E-AEFDEEB3B71B}.Release|x86.Deploy.0 = Release|x86
	EndGlobalSection
	GlobalSection(SolutionProperties) = preSolution
		HideSolutionNode = FALSE
	EndGlobalSection
	GlobalSection(NestedProjects) = preSolution
		{56662F77-C2BA-4392-8A82-6F3F25BAACD5} = {E77A686D-B5B2-49CA-8169-2D7F6BFBA6AD}
		{515698A5-DF1E-42B7-8ADA-17B2E6F289A7} = {E77A686D-B5B2-49CA-8169-2D7F6BFBA6AD}
		{A69668E1-B698-4605-9069-600D13219B63} = {E77A686D-B5B2-49CA-8169-2D7F6BFBA6AD}
		{4212459E-DE1D-415B-BFCE-D96AB9C65A56} = {E77A686D-B5B2-49CA-8169-2D7F6BFBA6AD}
		{2A6F0554-100A-4B68-A7AE-AA8BC3D06BD4} = {E77A686D-B5B2-49CA-8169-2D7F6BFBA6AD}
		{B05210A4-BFBA-4DD2-B123-3A1EB3BB08FC} = {E77A686D-B5B2-49CA-8169-2D7F6BFBA6AD}
		{6AE8A56A-5894-4480-B278-F7F330961F71} = {FB9AE0D7-1444-4302-96E4-B1FDBB72A1FA}
		{8303AA07-85E9-496F-8FAB-1A1B6A2C1572} = {FB9AE0D7-1444-4302-96E4-B1FDBB72A1FA}
		{91D61155-9B34-4E06-A885-1FE5A4538497} = {FB9AE0D7-1444-4302-96E4-B1FDBB72A1FA}
		{8D151AEE-F998-47E0-AC7E-AEFDEEB3B71B} = {FB9AE0D7-1444-4302-96E4-B1FDBB72A1FA}
	EndGlobalSection
	GlobalSection(ExtensibilityGlobals) = postSolution
		SolutionGuid = {C363D11C-615A-49A5-B70B-99120736E341}
	EndGlobalSection
EndGlobal
